
Microsoft Visual Studio Solution File, Format Version 12.00
# Visual Studio Version 16
VisualStudioVersion = 16.0.28803.352
MinimumVisualStudioVersion = 10.0.40219.1
Project("{8BC9CEB8-8B4A-11D0-8D11-00A0C91BC942}") = "LEDController", "LEDController\LEDController.vcxproj", "{C5F80730-F44F-4478-BDAE-6634EFC2CA88}"
EndProject
Project("{FAE04EC0-301F-11D3-BF4B-00C04F79EFBC}") = "HomeLedApp.Android", "HomeLedApp.Android\HomeLedApp.Android.csproj", "{F165628D-8235-4EA9-B04F-98C81C539B9D}"
EndProject
Project("{FAE04EC0-301F-11D3-BF4B-00C04F79EFBC}") = "HomeLedApp.iOS", "HomeLedApp.iOS\HomeLedApp.iOS.csproj", "{21FAF441-7A02-440A-A8B6-771812A0EF8C}"
EndProject
Project("{FAE04EC0-301F-11D3-BF4B-00C04F79EFBC}") = "HomeLedApp.UWP", "HomeLedApp.UWP\HomeLedApp.UWP.csproj", "{B8AEF4E0-89C5-4CC5-A9FF-24219FD3031E}"
EndProject
Project("{9A19103F-16F7-4668-BE54-9A1E7A4F7556}") = "HomeLedApp", "HomeLedApp\HomeLedApp.csproj", "{138AB86E-2666-497B-91FA-C9C2CE112AE7}"
EndProject
Global
	GlobalSection(SolutionConfigurationPlatforms) = preSolution
		Ad-Hoc|Any CPU = Ad-Hoc|Any CPU
		Ad-Hoc|ARM = Ad-Hoc|ARM
		Ad-Hoc|iPhone = Ad-Hoc|iPhone
		Ad-Hoc|iPhoneSimulator = Ad-Hoc|iPhoneSimulator
		Ad-Hoc|x64 = Ad-Hoc|x64
		Ad-Hoc|x86 = Ad-Hoc|x86
		AppStore|Any CPU = AppStore|Any CPU
		AppStore|ARM = AppStore|ARM
		AppStore|iPhone = AppStore|iPhone
		AppStore|iPhoneSimulator = AppStore|iPhoneSimulator
		AppStore|x64 = AppStore|x64
		AppStore|x86 = AppStore|x86
		Debug|Any CPU = Debug|Any CPU
		Debug|ARM = Debug|ARM
		Debug|iPhone = Debug|iPhone
		Debug|iPhoneSimulator = Debug|iPhoneSimulator
		Debug|x64 = Debug|x64
		Debug|x86 = Debug|x86
		Release|Any CPU = Release|Any CPU
		Release|ARM = Release|ARM
		Release|iPhone = Release|iPhone
		Release|iPhoneSimulator = Release|iPhoneSimulator
		Release|x64 = Release|x64
		Release|x86 = Release|x86
	EndGlobalSection
	GlobalSection(ProjectConfigurationPlatforms) = postSolution
		{20B0FC2C-7653-4480-9DA6-4AAF4728F792}.Ad-Hoc|Any CPU.ActiveCfg = Release|Any CPU
		{20B0FC2C-7653-4480-9DA6-4AAF4728F792}.Ad-Hoc|Any CPU.Build.0 = Release|Any CPU
		{20B0FC2C-7653-4480-9DA6-4AAF4728F792}.Ad-Hoc|ARM.ActiveCfg = Release|Any CPU
		{20B0FC2C-7653-4480-9DA6-4AAF4728F792}.Ad-Hoc|ARM.Build.0 = Release|Any CPU
		{20B0FC2C-7653-4480-9DA6-4AAF4728F792}.Ad-Hoc|iPhone.ActiveCfg = Release|Any CPU
		{20B0FC2C-7653-4480-9DA6-4AAF4728F792}.Ad-Hoc|iPhone.Build.0 = Release|Any CPU
		{20B0FC2C-7653-4480-9DA6-4AAF4728F792}.Ad-Hoc|iPhoneSimulator.ActiveCfg = Release|Any CPU
		{20B0FC2C-7653-4480-9DA6-4AAF4728F792}.Ad-Hoc|iPhoneSimulator.Build.0 = Release|Any CPU
		{20B0FC2C-7653-4480-9DA6-4AAF4728F792}.Ad-Hoc|x64.ActiveCfg = Release|Any CPU
		{20B0FC2C-7653-4480-9DA6-4AAF4728F792}.Ad-Hoc|x64.Build.0 = Release|Any CPU
		{20B0FC2C-7653-4480-9DA6-4AAF4728F792}.Ad-Hoc|x86.ActiveCfg = Release|Any CPU
		{20B0FC2C-7653-4480-9DA6-4AAF4728F792}.Ad-Hoc|x86.Build.0 = Release|Any CPU
		{20B0FC2C-7653-4480-9DA6-4AAF4728F792}.AppStore|Any CPU.ActiveCfg = Release|Any CPU
		{20B0FC2C-7653-4480-9DA6-4AAF4728F792}.AppStore|Any CPU.Build.0 = Release|Any CPU
		{20B0FC2C-7653-4480-9DA6-4AAF4728F792}.AppStore|ARM.ActiveCfg = Release|Any CPU
		{20B0FC2C-7653-4480-9DA6-4AAF4728F792}.AppStore|ARM.Build.0 = Release|Any CPU
		{20B0FC2C-7653-4480-9DA6-4AAF4728F792}.AppStore|iPhone.ActiveCfg = Release|Any CPU
		{20B0FC2C-7653-4480-9DA6-4AAF4728F792}.AppStore|iPhone.Build.0 = Release|Any CPU
		{20B0FC2C-7653-4480-9DA6-4AAF4728F792}.AppStore|iPhoneSimulator.ActiveCfg = Release|Any CPU
		{20B0FC2C-7653-4480-9DA6-4AAF4728F792}.AppStore|iPhoneSimulator.Build.0 = Release|Any CPU
		{20B0FC2C-7653-4480-9DA6-4AAF4728F792}.AppStore|x64.ActiveCfg = Release|Any CPU
		{20B0FC2C-7653-4480-9DA6-4AAF4728F792}.AppStore|x64.Build.0 = Release|Any CPU
		{20B0FC2C-7653-4480-9DA6-4AAF4728F792}.AppStore|x86.ActiveCfg = Release|Any CPU
		{20B0FC2C-7653-4480-9DA6-4AAF4728F792}.AppStore|x86.Build.0 = Release|Any CPU
		{20B0FC2C-7653-4480-9DA6-4AAF4728F792}.Debug|Any CPU.ActiveCfg = Debug|Any CPU
		{20B0FC2C-7653-4480-9DA6-4AAF4728F792}.Debug|Any CPU.Build.0 = Debug|Any CPU
		{20B0FC2C-7653-4480-9DA6-4AAF4728F792}.Debug|ARM.ActiveCfg = Debug|Any CPU
		{20B0FC2C-7653-4480-9DA6-4AAF4728F792}.Debug|ARM.Build.0 = Debug|Any CPU
		{20B0FC2C-7653-4480-9DA6-4AAF4728F792}.Debug|iPhone.ActiveCfg = Debug|Any CPU
		{20B0FC2C-7653-4480-9DA6-4AAF4728F792}.Debug|iPhone.Build.0 = Debug|Any CPU
		{20B0FC2C-7653-4480-9DA6-4AAF4728F792}.Debug|iPhoneSimulator.ActiveCfg = Debug|Any CPU
		{20B0FC2C-7653-4480-9DA6-4AAF4728F792}.Debug|iPhoneSimulator.Build.0 = Debug|Any CPU
		{20B0FC2C-7653-4480-9DA6-4AAF4728F792}.Debug|x64.ActiveCfg = Debug|Any CPU
		{20B0FC2C-7653-4480-9DA6-4AAF4728F792}.Debug|x64.Build.0 = Debug|Any CPU
		{20B0FC2C-7653-4480-9DA6-4AAF4728F792}.Debug|x86.ActiveCfg = Debug|Any CPU
		{20B0FC2C-7653-4480-9DA6-4AAF4728F792}.Debug|x86.Build.0 = Debug|Any CPU
		{20B0FC2C-7653-4480-9DA6-4AAF4728F792}.Release|Any CPU.ActiveCfg = Release|Any CPU
		{20B0FC2C-7653-4480-9DA6-4AAF4728F792}.Release|Any CPU.Build.0 = Release|Any CPU
		{20B0FC2C-7653-4480-9DA6-4AAF4728F792}.Release|ARM.ActiveCfg = Release|Any CPU
		{20B0FC2C-7653-4480-9DA6-4AAF4728F792}.Release|ARM.Build.0 = Release|Any CPU
		{20B0FC2C-7653-4480-9DA6-4AAF4728F792}.Release|iPhone.ActiveCfg = Release|Any CPU
		{20B0FC2C-7653-4480-9DA6-4AAF4728F792}.Release|iPhone.Build.0 = Release|Any CPU
		{20B0FC2C-7653-4480-9DA6-4AAF4728F792}.Release|iPhoneSimulator.ActiveCfg = Release|Any CPU
		{20B0FC2C-7653-4480-9DA6-4AAF4728F792}.Release|iPhoneSimulator.Build.0 = Release|Any CPU
		{20B0FC2C-7653-4480-9DA6-4AAF4728F792}.Release|x64.ActiveCfg = Release|Any CPU
		{20B0FC2C-7653-4480-9DA6-4AAF4728F792}.Release|x64.Build.0 = Release|Any CPU
		{20B0FC2C-7653-4480-9DA6-4AAF4728F792}.Release|x86.ActiveCfg = Release|Any CPU
		{20B0FC2C-7653-4480-9DA6-4AAF4728F792}.Release|x86.Build.0 = Release|Any CPU
		{60C39919-55CE-4BF9-A909-D0E9CA9A918B}.Ad-Hoc|Any CPU.ActiveCfg = Release|x64
		{60C39919-55CE-4BF9-A909-D0E9CA9A918B}.Ad-Hoc|Any CPU.Build.0 = Release|x64
		{60C39919-55CE-4BF9-A909-D0E9CA9A918B}.Ad-Hoc|Any CPU.Deploy.0 = Release|x64
		{60C39919-55CE-4BF9-A909-D0E9CA9A918B}.Ad-Hoc|ARM.ActiveCfg = Release|ARM
		{60C39919-55CE-4BF9-A909-D0E9CA9A918B}.Ad-Hoc|ARM.Build.0 = Release|ARM
		{60C39919-55CE-4BF9-A909-D0E9CA9A918B}.Ad-Hoc|ARM.Deploy.0 = Release|ARM
		{60C39919-55CE-4BF9-A909-D0E9CA9A918B}.Ad-Hoc|iPhone.ActiveCfg = Release|x64
		{60C39919-55CE-4BF9-A909-D0E9CA9A918B}.Ad-Hoc|iPhone.Build.0 = Release|x64
		{60C39919-55CE-4BF9-A909-D0E9CA9A918B}.Ad-Hoc|iPhone.Deploy.0 = Release|x64
		{60C39919-55CE-4BF9-A909-D0E9CA9A918B}.Ad-Hoc|iPhoneSimulator.ActiveCfg = Release|x64
		{60C39919-55CE-4BF9-A909-D0E9CA9A918B}.Ad-Hoc|iPhoneSimulator.Build.0 = Release|x64
		{60C39919-55CE-4BF9-A909-D0E9CA9A918B}.Ad-Hoc|iPhoneSimulator.Deploy.0 = Release|x64
		{60C39919-55CE-4BF9-A909-D0E9CA9A918B}.Ad-Hoc|x64.ActiveCfg = Release|x64
		{60C39919-55CE-4BF9-A909-D0E9CA9A918B}.Ad-Hoc|x64.Build.0 = Release|x64
		{60C39919-55CE-4BF9-A909-D0E9CA9A918B}.Ad-Hoc|x64.Deploy.0 = Release|x64
		{60C39919-55CE-4BF9-A909-D0E9CA9A918B}.Ad-Hoc|x86.ActiveCfg = Release|x86
		{60C39919-55CE-4BF9-A909-D0E9CA9A918B}.Ad-Hoc|x86.Build.0 = Release|x86
		{60C39919-55CE-4BF9-A909-D0E9CA9A918B}.Ad-Hoc|x86.Deploy.0 = Release|x86
		{60C39919-55CE-4BF9-A909-D0E9CA9A918B}.AppStore|Any CPU.ActiveCfg = Release|x64
		{60C39919-55CE-4BF9-A909-D0E9CA9A918B}.AppStore|Any CPU.Build.0 = Release|x64
		{60C39919-55CE-4BF9-A909-D0E9CA9A918B}.AppStore|Any CPU.Deploy.0 = Release|x64
		{60C39919-55CE-4BF9-A909-D0E9CA9A918B}.AppStore|ARM.ActiveCfg = Release|ARM
		{60C39919-55CE-4BF9-A909-D0E9CA9A918B}.AppStore|ARM.Build.0 = Release|ARM
		{60C39919-55CE-4BF9-A909-D0E9CA9A918B}.AppStore|ARM.Deploy.0 = Release|ARM
		{60C39919-55CE-4BF9-A909-D0E9CA9A918B}.AppStore|iPhone.ActiveCfg = Release|x64
		{60C39919-55CE-4BF9-A909-D0E9CA9A918B}.AppStore|iPhone.Build.0 = Release|x64
		{60C39919-55CE-4BF9-A909-D0E9CA9A918B}.AppStore|iPhone.Deploy.0 = Release|x64
		{60C39919-55CE-4BF9-A909-D0E9CA9A918B}.AppStore|iPhoneSimulator.ActiveCfg = Release|x64
		{60C39919-55CE-4BF9-A909-D0E9CA9A918B}.AppStore|iPhoneSimulator.Build.0 = Release|x64
		{60C39919-55CE-4BF9-A909-D0E9CA9A918B}.AppStore|iPhoneSimulator.Deploy.0 = Release|x64
		{60C39919-55CE-4BF9-A909-D0E9CA9A918B}.AppStore|x64.ActiveCfg = Release|x64
		{60C39919-55CE-4BF9-A909-D0E9CA9A918B}.AppStore|x64.Build.0 = Release|x64
		{60C39919-55CE-4BF9-A909-D0E9CA9A918B}.AppStore|x64.Deploy.0 = Release|x64
		{60C39919-55CE-4BF9-A909-D0E9CA9A918B}.AppStore|x86.ActiveCfg = Release|x86
		{60C39919-55CE-4BF9-A909-D0E9CA9A918B}.AppStore|x86.Build.0 = Release|x86
		{60C39919-55CE-4BF9-A909-D0E9CA9A918B}.AppStore|x86.Deploy.0 = Release|x86
		{60C39919-55CE-4BF9-A909-D0E9CA9A918B}.Debug|Any CPU.ActiveCfg = Debug|x86
		{60C39919-55CE-4BF9-A909-D0E9CA9A918B}.Debug|Any CPU.Build.0 = Debug|x86
		{60C39919-55CE-4BF9-A909-D0E9CA9A918B}.Debug|Any CPU.Deploy.0 = Debug|x86
		{60C39919-55CE-4BF9-A909-D0E9CA9A918B}.Debug|ARM.ActiveCfg = Debug|ARM
		{60C39919-55CE-4BF9-A909-D0E9CA9A918B}.Debug|ARM.Build.0 = Debug|ARM
		{60C39919-55CE-4BF9-A909-D0E9CA9A918B}.Debug|ARM.Deploy.0 = Debug|ARM
		{60C39919-55CE-4BF9-A909-D0E9CA9A918B}.Debug|iPhone.ActiveCfg = Debug|x86
		{60C39919-55CE-4BF9-A909-D0E9CA9A918B}.Debug|iPhoneSimulator.ActiveCfg = Debug|x86
		{60C39919-55CE-4BF9-A909-D0E9CA9A918B}.Debug|x64.ActiveCfg = Debug|x64
		{60C39919-55CE-4BF9-A909-D0E9CA9A918B}.Debug|x64.Build.0 = Debug|x64
		{60C39919-55CE-4BF9-A909-D0E9CA9A918B}.Debug|x64.Deploy.0 = Debug|x64
		{60C39919-55CE-4BF9-A909-D0E9CA9A918B}.Debug|x86.ActiveCfg = Debug|x86
		{60C39919-55CE-4BF9-A909-D0E9CA9A918B}.Debug|x86.Build.0 = Debug|x86
		{60C39919-55CE-4BF9-A909-D0E9CA9A918B}.Debug|x86.Deploy.0 = Debug|x86
		{60C39919-55CE-4BF9-A909-D0E9CA9A918B}.Release|Any CPU.ActiveCfg = Release|x86
		{60C39919-55CE-4BF9-A909-D0E9CA9A918B}.Release|ARM.ActiveCfg = Release|ARM
		{60C39919-55CE-4BF9-A909-D0E9CA9A918B}.Release|ARM.Build.0 = Release|ARM
		{60C39919-55CE-4BF9-A909-D0E9CA9A918B}.Release|ARM.Deploy.0 = Release|ARM
		{60C39919-55CE-4BF9-A909-D0E9CA9A918B}.Release|iPhone.ActiveCfg = Release|x86
		{60C39919-55CE-4BF9-A909-D0E9CA9A918B}.Release|iPhoneSimulator.ActiveCfg = Release|x86
		{60C39919-55CE-4BF9-A909-D0E9CA9A918B}.Release|x64.ActiveCfg = Release|x64
		{60C39919-55CE-4BF9-A909-D0E9CA9A918B}.Release|x64.Build.0 = Release|x64
		{60C39919-55CE-4BF9-A909-D0E9CA9A918B}.Release|x64.Deploy.0 = Release|x64
		{60C39919-55CE-4BF9-A909-D0E9CA9A918B}.Release|x86.ActiveCfg = Release|x86
		{60C39919-55CE-4BF9-A909-D0E9CA9A918B}.Release|x86.Build.0 = Release|x86
		{60C39919-55CE-4BF9-A909-D0E9CA9A918B}.Release|x86.Deploy.0 = Release|x86
		{2C0442F4-B162-48E0-9FCA-315EC36D8FCA}.Ad-Hoc|Any CPU.ActiveCfg = Release|x64
		{2C0442F4-B162-48E0-9FCA-315EC36D8FCA}.Ad-Hoc|Any CPU.Build.0 = Release|x64
		{2C0442F4-B162-48E0-9FCA-315EC36D8FCA}.Ad-Hoc|Any CPU.Deploy.0 = Release|x64
		{2C0442F4-B162-48E0-9FCA-315EC36D8FCA}.Ad-Hoc|ARM.ActiveCfg = Release|ARM
		{2C0442F4-B162-48E0-9FCA-315EC36D8FCA}.Ad-Hoc|ARM.Build.0 = Release|ARM
		{2C0442F4-B162-48E0-9FCA-315EC36D8FCA}.Ad-Hoc|ARM.Deploy.0 = Release|ARM
		{2C0442F4-B162-48E0-9FCA-315EC36D8FCA}.Ad-Hoc|iPhone.ActiveCfg = Release|x64
		{2C0442F4-B162-48E0-9FCA-315EC36D8FCA}.Ad-Hoc|iPhone.Build.0 = Release|x64
		{2C0442F4-B162-48E0-9FCA-315EC36D8FCA}.Ad-Hoc|iPhone.Deploy.0 = Release|x64
		{2C0442F4-B162-48E0-9FCA-315EC36D8FCA}.Ad-Hoc|iPhoneSimulator.ActiveCfg = Release|x64
		{2C0442F4-B162-48E0-9FCA-315EC36D8FCA}.Ad-Hoc|iPhoneSimulator.Build.0 = Release|x64
		{2C0442F4-B162-48E0-9FCA-315EC36D8FCA}.Ad-Hoc|iPhoneSimulator.Deploy.0 = Release|x64
		{2C0442F4-B162-48E0-9FCA-315EC36D8FCA}.Ad-Hoc|x64.ActiveCfg = Release|x64
		{2C0442F4-B162-48E0-9FCA-315EC36D8FCA}.Ad-Hoc|x64.Build.0 = Release|x64
		{2C0442F4-B162-48E0-9FCA-315EC36D8FCA}.Ad-Hoc|x64.Deploy.0 = Release|x64
		{2C0442F4-B162-48E0-9FCA-315EC36D8FCA}.Ad-Hoc|x86.ActiveCfg = Release|x86
		{2C0442F4-B162-48E0-9FCA-315EC36D8FCA}.Ad-Hoc|x86.Build.0 = Release|x86
		{2C0442F4-B162-48E0-9FCA-315EC36D8FCA}.Ad-Hoc|x86.Deploy.0 = Release|x86
		{2C0442F4-B162-48E0-9FCA-315EC36D8FCA}.AppStore|Any CPU.ActiveCfg = Release|x64
		{2C0442F4-B162-48E0-9FCA-315EC36D8FCA}.AppStore|Any CPU.Build.0 = Release|x64
		{2C0442F4-B162-48E0-9FCA-315EC36D8FCA}.AppStore|Any CPU.Deploy.0 = Release|x64
		{2C0442F4-B162-48E0-9FCA-315EC36D8FCA}.AppStore|ARM.ActiveCfg = Release|ARM
		{2C0442F4-B162-48E0-9FCA-315EC36D8FCA}.AppStore|ARM.Build.0 = Release|ARM
		{2C0442F4-B162-48E0-9FCA-315EC36D8FCA}.AppStore|ARM.Deploy.0 = Release|ARM
		{2C0442F4-B162-48E0-9FCA-315EC36D8FCA}.AppStore|iPhone.ActiveCfg = Release|x64
		{2C0442F4-B162-48E0-9FCA-315EC36D8FCA}.AppStore|iPhone.Build.0 = Release|x64
		{2C0442F4-B162-48E0-9FCA-315EC36D8FCA}.AppStore|iPhone.Deploy.0 = Release|x64
		{2C0442F4-B162-48E0-9FCA-315EC36D8FCA}.AppStore|iPhoneSimulator.ActiveCfg = Release|x64
		{2C0442F4-B162-48E0-9FCA-315EC36D8FCA}.AppStore|iPhoneSimulator.Build.0 = Release|x64
		{2C0442F4-B162-48E0-9FCA-315EC36D8FCA}.AppStore|iPhoneSimulator.Deploy.0 = Release|x64
		{2C0442F4-B162-48E0-9FCA-315EC36D8FCA}.AppStore|x64.ActiveCfg = Release|x64
		{2C0442F4-B162-48E0-9FCA-315EC36D8FCA}.AppStore|x64.Build.0 = Release|x64
		{2C0442F4-B162-48E0-9FCA-315EC36D8FCA}.AppStore|x64.Deploy.0 = Release|x64
		{2C0442F4-B162-48E0-9FCA-315EC36D8FCA}.AppStore|x86.ActiveCfg = Release|x86
		{2C0442F4-B162-48E0-9FCA-315EC36D8FCA}.AppStore|x86.Build.0 = Release|x86
		{2C0442F4-B162-48E0-9FCA-315EC36D8FCA}.AppStore|x86.Deploy.0 = Release|x86
		{2C0442F4-B162-48E0-9FCA-315EC36D8FCA}.Debug|Any CPU.ActiveCfg = Debug|x86
		{2C0442F4-B162-48E0-9FCA-315EC36D8FCA}.Debug|Any CPU.Build.0 = Debug|x86
		{2C0442F4-B162-48E0-9FCA-315EC36D8FCA}.Debug|Any CPU.Deploy.0 = Debug|x86
		{2C0442F4-B162-48E0-9FCA-315EC36D8FCA}.Debug|ARM.ActiveCfg = Debug|ARM
		{2C0442F4-B162-48E0-9FCA-315EC36D8FCA}.Debug|ARM.Build.0 = Debug|ARM
		{2C0442F4-B162-48E0-9FCA-315EC36D8FCA}.Debug|ARM.Deploy.0 = Debug|ARM
		{2C0442F4-B162-48E0-9FCA-315EC36D8FCA}.Debug|iPhone.ActiveCfg = Debug|x86
		{2C0442F4-B162-48E0-9FCA-315EC36D8FCA}.Debug|iPhoneSimulator.ActiveCfg = Debug|x86
		{2C0442F4-B162-48E0-9FCA-315EC36D8FCA}.Debug|x64.ActiveCfg = Debug|x64
		{2C0442F4-B162-48E0-9FCA-315EC36D8FCA}.Debug|x64.Build.0 = Debug|x64
		{2C0442F4-B162-48E0-9FCA-315EC36D8FCA}.Debug|x64.Deploy.0 = Debug|x64
		{2C0442F4-B162-48E0-9FCA-315EC36D8FCA}.Debug|x86.ActiveCfg = Debug|x86
		{2C0442F4-B162-48E0-9FCA-315EC36D8FCA}.Debug|x86.Build.0 = Debug|x86
		{2C0442F4-B162-48E0-9FCA-315EC36D8FCA}.Debug|x86.Deploy.0 = Debug|x86
		{2C0442F4-B162-48E0-9FCA-315EC36D8FCA}.Release|Any CPU.ActiveCfg = Release|x86
		{2C0442F4-B162-48E0-9FCA-315EC36D8FCA}.Release|ARM.ActiveCfg = Release|ARM
		{2C0442F4-B162-48E0-9FCA-315EC36D8FCA}.Release|ARM.Build.0 = Release|ARM
		{2C0442F4-B162-48E0-9FCA-315EC36D8FCA}.Release|ARM.Deploy.0 = Release|ARM
		{2C0442F4-B162-48E0-9FCA-315EC36D8FCA}.Release|iPhone.ActiveCfg = Release|x86
		{2C0442F4-B162-48E0-9FCA-315EC36D8FCA}.Release|iPhoneSimulator.ActiveCfg = Release|x86
		{2C0442F4-B162-48E0-9FCA-315EC36D8FCA}.Release|x64.ActiveCfg = Release|x64
		{2C0442F4-B162-48E0-9FCA-315EC36D8FCA}.Release|x64.Build.0 = Release|x64
		{2C0442F4-B162-48E0-9FCA-315EC36D8FCA}.Release|x64.Deploy.0 = Release|x64
		{2C0442F4-B162-48E0-9FCA-315EC36D8FCA}.Release|x86.ActiveCfg = Release|x86
		{2C0442F4-B162-48E0-9FCA-315EC36D8FCA}.Release|x86.Build.0 = Release|x86
		{2C0442F4-B162-48E0-9FCA-315EC36D8FCA}.Release|x86.Deploy.0 = Release|x86
		{F82A7125-46C4-424F-B663-24C1F81673F0}.Ad-Hoc|Any CPU.ActiveCfg = Release|Any CPU
		{F82A7125-46C4-424F-B663-24C1F81673F0}.Ad-Hoc|Any CPU.Build.0 = Release|Any CPU
		{F82A7125-46C4-424F-B663-24C1F81673F0}.Ad-Hoc|ARM.ActiveCfg = Release|Any CPU
		{F82A7125-46C4-424F-B663-24C1F81673F0}.Ad-Hoc|ARM.Build.0 = Release|Any CPU
		{F82A7125-46C4-424F-B663-24C1F81673F0}.Ad-Hoc|iPhone.ActiveCfg = Release|Any CPU
		{F82A7125-46C4-424F-B663-24C1F81673F0}.Ad-Hoc|iPhone.Build.0 = Release|Any CPU
		{F82A7125-46C4-424F-B663-24C1F81673F0}.Ad-Hoc|iPhoneSimulator.ActiveCfg = Release|Any CPU
		{F82A7125-46C4-424F-B663-24C1F81673F0}.Ad-Hoc|iPhoneSimulator.Build.0 = Release|Any CPU
		{F82A7125-46C4-424F-B663-24C1F81673F0}.Ad-Hoc|x64.ActiveCfg = Release|Any CPU
		{F82A7125-46C4-424F-B663-24C1F81673F0}.Ad-Hoc|x64.Build.0 = Release|Any CPU
		{F82A7125-46C4-424F-B663-24C1F81673F0}.Ad-Hoc|x86.ActiveCfg = Release|Any CPU
		{F82A7125-46C4-424F-B663-24C1F81673F0}.Ad-Hoc|x86.Build.0 = Release|Any CPU
		{F82A7125-46C4-424F-B663-24C1F81673F0}.AppStore|Any CPU.ActiveCfg = Release|Any CPU
		{F82A7125-46C4-424F-B663-24C1F81673F0}.AppStore|Any CPU.Build.0 = Release|Any CPU
		{F82A7125-46C4-424F-B663-24C1F81673F0}.AppStore|ARM.ActiveCfg = Release|Any CPU
		{F82A7125-46C4-424F-B663-24C1F81673F0}.AppStore|ARM.Build.0 = Release|Any CPU
		{F82A7125-46C4-424F-B663-24C1F81673F0}.AppStore|iPhone.ActiveCfg = Release|Any CPU
		{F82A7125-46C4-424F-B663-24C1F81673F0}.AppStore|iPhone.Build.0 = Release|Any CPU
		{F82A7125-46C4-424F-B663-24C1F81673F0}.AppStore|iPhoneSimulator.ActiveCfg = Release|Any CPU
		{F82A7125-46C4-424F-B663-24C1F81673F0}.AppStore|iPhoneSimulator.Build.0 = Release|Any CPU
		{F82A7125-46C4-424F-B663-24C1F81673F0}.AppStore|x64.ActiveCfg = Release|Any CPU
		{F82A7125-46C4-424F-B663-24C1F81673F0}.AppStore|x64.Build.0 = Release|Any CPU
		{F82A7125-46C4-424F-B663-24C1F81673F0}.AppStore|x86.ActiveCfg = Release|Any CPU
		{F82A7125-46C4-424F-B663-24C1F81673F0}.AppStore|x86.Build.0 = Release|Any CPU
		{F82A7125-46C4-424F-B663-24C1F81673F0}.Debug|Any CPU.ActiveCfg = Debug|Any CPU
		{F82A7125-46C4-424F-B663-24C1F81673F0}.Debug|Any CPU.Build.0 = Debug|Any CPU
		{F82A7125-46C4-424F-B663-24C1F81673F0}.Debug|ARM.ActiveCfg = Debug|Any CPU
		{F82A7125-46C4-424F-B663-24C1F81673F0}.Debug|ARM.Build.0 = Debug|Any CPU
		{F82A7125-46C4-424F-B663-24C1F81673F0}.Debug|iPhone.ActiveCfg = Debug|Any CPU
		{F82A7125-46C4-424F-B663-24C1F81673F0}.Debug|iPhone.Build.0 = Debug|Any CPU
		{F82A7125-46C4-424F-B663-24C1F81673F0}.Debug|iPhoneSimulator.ActiveCfg = Debug|Any CPU
		{F82A7125-46C4-424F-B663-24C1F81673F0}.Debug|iPhoneSimulator.Build.0 = Debug|Any CPU
		{F82A7125-46C4-424F-B663-24C1F81673F0}.Debug|x64.ActiveCfg = Debug|Any CPU
		{F82A7125-46C4-424F-B663-24C1F81673F0}.Debug|x64.Build.0 = Debug|Any CPU
		{F82A7125-46C4-424F-B663-24C1F81673F0}.Debug|x86.ActiveCfg = Debug|Any CPU
		{F82A7125-46C4-424F-B663-24C1F81673F0}.Debug|x86.Build.0 = Debug|Any CPU
		{F82A7125-46C4-424F-B663-24C1F81673F0}.Release|Any CPU.ActiveCfg = Release|Any CPU
		{F82A7125-46C4-424F-B663-24C1F81673F0}.Release|Any CPU.Build.0 = Release|Any CPU
		{F82A7125-46C4-424F-B663-24C1F81673F0}.Release|ARM.ActiveCfg = Release|Any CPU
		{F82A7125-46C4-424F-B663-24C1F81673F0}.Release|ARM.Build.0 = Release|Any CPU
		{F82A7125-46C4-424F-B663-24C1F81673F0}.Release|iPhone.ActiveCfg = Release|Any CPU
		{F82A7125-46C4-424F-B663-24C1F81673F0}.Release|iPhone.Build.0 = Release|Any CPU
		{F82A7125-46C4-424F-B663-24C1F81673F0}.Release|iPhoneSimulator.ActiveCfg = Release|Any CPU
		{F82A7125-46C4-424F-B663-24C1F81673F0}.Release|iPhoneSimulator.Build.0 = Release|Any CPU
		{F82A7125-46C4-424F-B663-24C1F81673F0}.Release|x64.ActiveCfg = Release|Any CPU
		{F82A7125-46C4-424F-B663-24C1F81673F0}.Release|x64.Build.0 = Release|Any CPU
		{F82A7125-46C4-424F-B663-24C1F81673F0}.Release|x86.ActiveCfg = Release|Any CPU
		{F82A7125-46C4-424F-B663-24C1F81673F0}.Release|x86.Build.0 = Release|Any CPU
		{E79186E6-2299-4C20-8A35-9D6F0FDE387A}.Ad-Hoc|Any CPU.ActiveCfg = Release|Any CPU
		{E79186E6-2299-4C20-8A35-9D6F0FDE387A}.Ad-Hoc|Any CPU.Build.0 = Release|Any CPU
		{E79186E6-2299-4C20-8A35-9D6F0FDE387A}.Ad-Hoc|ARM.ActiveCfg = Release|Any CPU
		{E79186E6-2299-4C20-8A35-9D6F0FDE387A}.Ad-Hoc|ARM.Build.0 = Release|Any CPU
		{E79186E6-2299-4C20-8A35-9D6F0FDE387A}.Ad-Hoc|iPhone.ActiveCfg = Release|Any CPU
		{E79186E6-2299-4C20-8A35-9D6F0FDE387A}.Ad-Hoc|iPhone.Build.0 = Release|Any CPU
		{E79186E6-2299-4C20-8A35-9D6F0FDE387A}.Ad-Hoc|iPhoneSimulator.ActiveCfg = Release|Any CPU
		{E79186E6-2299-4C20-8A35-9D6F0FDE387A}.Ad-Hoc|iPhoneSimulator.Build.0 = Release|Any CPU
		{E79186E6-2299-4C20-8A35-9D6F0FDE387A}.Ad-Hoc|x64.ActiveCfg = Release|Any CPU
		{E79186E6-2299-4C20-8A35-9D6F0FDE387A}.Ad-Hoc|x64.Build.0 = Release|Any CPU
		{E79186E6-2299-4C20-8A35-9D6F0FDE387A}.Ad-Hoc|x86.ActiveCfg = Release|Any CPU
		{E79186E6-2299-4C20-8A35-9D6F0FDE387A}.Ad-Hoc|x86.Build.0 = Release|Any CPU
		{E79186E6-2299-4C20-8A35-9D6F0FDE387A}.AppStore|Any CPU.ActiveCfg = Release|Any CPU
		{E79186E6-2299-4C20-8A35-9D6F0FDE387A}.AppStore|Any CPU.Build.0 = Release|Any CPU
		{E79186E6-2299-4C20-8A35-9D6F0FDE387A}.AppStore|ARM.ActiveCfg = Release|Any CPU
		{E79186E6-2299-4C20-8A35-9D6F0FDE387A}.AppStore|ARM.Build.0 = Release|Any CPU
		{E79186E6-2299-4C20-8A35-9D6F0FDE387A}.AppStore|iPhone.ActiveCfg = Release|Any CPU
		{E79186E6-2299-4C20-8A35-9D6F0FDE387A}.AppStore|iPhone.Build.0 = Release|Any CPU
		{E79186E6-2299-4C20-8A35-9D6F0FDE387A}.AppStore|iPhoneSimulator.ActiveCfg = Release|Any CPU
		{E79186E6-2299-4C20-8A35-9D6F0FDE387A}.AppStore|iPhoneSimulator.Build.0 = Release|Any CPU
		{E79186E6-2299-4C20-8A35-9D6F0FDE387A}.AppStore|x64.ActiveCfg = Release|Any CPU
		{E79186E6-2299-4C20-8A35-9D6F0FDE387A}.AppStore|x64.Build.0 = Release|Any CPU
		{E79186E6-2299-4C20-8A35-9D6F0FDE387A}.AppStore|x86.ActiveCfg = Release|Any CPU
		{E79186E6-2299-4C20-8A35-9D6F0FDE387A}.AppStore|x86.Build.0 = Release|Any CPU
		{E79186E6-2299-4C20-8A35-9D6F0FDE387A}.Debug|Any CPU.ActiveCfg = Debug|Any CPU
		{E79186E6-2299-4C20-8A35-9D6F0FDE387A}.Debug|Any CPU.Build.0 = Debug|Any CPU
		{E79186E6-2299-4C20-8A35-9D6F0FDE387A}.Debug|ARM.ActiveCfg = Debug|Any CPU
		{E79186E6-2299-4C20-8A35-9D6F0FDE387A}.Debug|ARM.Build.0 = Debug|Any CPU
		{E79186E6-2299-4C20-8A35-9D6F0FDE387A}.Debug|iPhone.ActiveCfg = Debug|Any CPU
		{E79186E6-2299-4C20-8A35-9D6F0FDE387A}.Debug|iPhone.Build.0 = Debug|Any CPU
		{E79186E6-2299-4C20-8A35-9D6F0FDE387A}.Debug|iPhoneSimulator.ActiveCfg = Debug|Any CPU
		{E79186E6-2299-4C20-8A35-9D6F0FDE387A}.Debug|iPhoneSimulator.Build.0 = Debug|Any CPU
		{E79186E6-2299-4C20-8A35-9D6F0FDE387A}.Debug|x64.ActiveCfg = Debug|Any CPU
		{E79186E6-2299-4C20-8A35-9D6F0FDE387A}.Debug|x64.Build.0 = Debug|Any CPU
		{E79186E6-2299-4C20-8A35-9D6F0FDE387A}.Debug|x86.ActiveCfg = Debug|Any CPU
		{E79186E6-2299-4C20-8A35-9D6F0FDE387A}.Debug|x86.Build.0 = Debug|Any CPU
		{E79186E6-2299-4C20-8A35-9D6F0FDE387A}.Release|Any CPU.ActiveCfg = Release|Any CPU
		{E79186E6-2299-4C20-8A35-9D6F0FDE387A}.Release|Any CPU.Build.0 = Release|Any CPU
		{E79186E6-2299-4C20-8A35-9D6F0FDE387A}.Release|ARM.ActiveCfg = Release|Any CPU
		{E79186E6-2299-4C20-8A35-9D6F0FDE387A}.Release|ARM.Build.0 = Release|Any CPU
		{E79186E6-2299-4C20-8A35-9D6F0FDE387A}.Release|iPhone.ActiveCfg = Release|Any CPU
		{E79186E6-2299-4C20-8A35-9D6F0FDE387A}.Release|iPhone.Build.0 = Release|Any CPU
		{E79186E6-2299-4C20-8A35-9D6F0FDE387A}.Release|iPhoneSimulator.ActiveCfg = Release|Any CPU
		{E79186E6-2299-4C20-8A35-9D6F0FDE387A}.Release|iPhoneSimulator.Build.0 = Release|Any CPU
		{E79186E6-2299-4C20-8A35-9D6F0FDE387A}.Release|x64.ActiveCfg = Release|Any CPU
		{E79186E6-2299-4C20-8A35-9D6F0FDE387A}.Release|x64.Build.0 = Release|Any CPU
		{E79186E6-2299-4C20-8A35-9D6F0FDE387A}.Release|x86.ActiveCfg = Release|Any CPU
		{E79186E6-2299-4C20-8A35-9D6F0FDE387A}.Release|x86.Build.0 = Release|Any CPU
		{FF68E128-16C2-46A4-B940-C8A0D1DA9523}.Ad-Hoc|Any CPU.ActiveCfg = Release|Any CPU
		{FF68E128-16C2-46A4-B940-C8A0D1DA9523}.Ad-Hoc|Any CPU.Build.0 = Release|Any CPU
		{FF68E128-16C2-46A4-B940-C8A0D1DA9523}.Ad-Hoc|ARM.ActiveCfg = Release|Any CPU
		{FF68E128-16C2-46A4-B940-C8A0D1DA9523}.Ad-Hoc|ARM.Build.0 = Release|Any CPU
		{FF68E128-16C2-46A4-B940-C8A0D1DA9523}.Ad-Hoc|iPhone.ActiveCfg = Release|Any CPU
		{FF68E128-16C2-46A4-B940-C8A0D1DA9523}.Ad-Hoc|iPhone.Build.0 = Release|Any CPU
		{FF68E128-16C2-46A4-B940-C8A0D1DA9523}.Ad-Hoc|iPhoneSimulator.ActiveCfg = Release|Any CPU
		{FF68E128-16C2-46A4-B940-C8A0D1DA9523}.Ad-Hoc|iPhoneSimulator.Build.0 = Release|Any CPU
		{FF68E128-16C2-46A4-B940-C8A0D1DA9523}.Ad-Hoc|x64.ActiveCfg = Release|Any CPU
		{FF68E128-16C2-46A4-B940-C8A0D1DA9523}.Ad-Hoc|x64.Build.0 = Release|Any CPU
		{FF68E128-16C2-46A4-B940-C8A0D1DA9523}.Ad-Hoc|x86.ActiveCfg = Release|Any CPU
		{FF68E128-16C2-46A4-B940-C8A0D1DA9523}.Ad-Hoc|x86.Build.0 = Release|Any CPU
		{FF68E128-16C2-46A4-B940-C8A0D1DA9523}.AppStore|Any CPU.ActiveCfg = Release|Any CPU
		{FF68E128-16C2-46A4-B940-C8A0D1DA9523}.AppStore|Any CPU.Build.0 = Release|Any CPU
		{FF68E128-16C2-46A4-B940-C8A0D1DA9523}.AppStore|ARM.ActiveCfg = Release|Any CPU
		{FF68E128-16C2-46A4-B940-C8A0D1DA9523}.AppStore|ARM.Build.0 = Release|Any CPU
		{FF68E128-16C2-46A4-B940-C8A0D1DA9523}.AppStore|iPhone.ActiveCfg = Release|Any CPU
		{FF68E128-16C2-46A4-B940-C8A0D1DA9523}.AppStore|iPhone.Build.0 = Release|Any CPU
		{FF68E128-16C2-46A4-B940-C8A0D1DA9523}.AppStore|iPhoneSimulator.ActiveCfg = Release|Any CPU
		{FF68E128-16C2-46A4-B940-C8A0D1DA9523}.AppStore|iPhoneSimulator.Build.0 = Release|Any CPU
		{FF68E128-16C2-46A4-B940-C8A0D1DA9523}.AppStore|x64.ActiveCfg = Release|Any CPU
		{FF68E128-16C2-46A4-B940-C8A0D1DA9523}.AppStore|x64.Build.0 = Release|Any CPU
		{FF68E128-16C2-46A4-B940-C8A0D1DA9523}.AppStore|x86.ActiveCfg = Release|Any CPU
		{FF68E128-16C2-46A4-B940-C8A0D1DA9523}.AppStore|x86.Build.0 = Release|Any CPU
		{FF68E128-16C2-46A4-B940-C8A0D1DA9523}.Debug|Any CPU.ActiveCfg = Debug|Any CPU
		{FF68E128-16C2-46A4-B940-C8A0D1DA9523}.Debug|Any CPU.Build.0 = Debug|Any CPU
		{FF68E128-16C2-46A4-B940-C8A0D1DA9523}.Debug|ARM.ActiveCfg = Debug|Any CPU
		{FF68E128-16C2-46A4-B940-C8A0D1DA9523}.Debug|ARM.Build.0 = Debug|Any CPU
		{FF68E128-16C2-46A4-B940-C8A0D1DA9523}.Debug|iPhone.ActiveCfg = Debug|Any CPU
		{FF68E128-16C2-46A4-B940-C8A0D1DA9523}.Debug|iPhone.Build.0 = Debug|Any CPU
		{FF68E128-16C2-46A4-B940-C8A0D1DA9523}.Debug|iPhoneSimulator.ActiveCfg = Debug|Any CPU
		{FF68E128-16C2-46A4-B940-C8A0D1DA9523}.Debug|iPhoneSimulator.Build.0 = Debug|Any CPU
		{FF68E128-16C2-46A4-B940-C8A0D1DA9523}.Debug|x64.ActiveCfg = Debug|Any CPU
		{FF68E128-16C2-46A4-B940-C8A0D1DA9523}.Debug|x64.Build.0 = Debug|Any CPU
		{FF68E128-16C2-46A4-B940-C8A0D1DA9523}.Debug|x86.ActiveCfg = Debug|Any CPU
		{FF68E128-16C2-46A4-B940-C8A0D1DA9523}.Debug|x86.Build.0 = Debug|Any CPU
		{FF68E128-16C2-46A4-B940-C8A0D1DA9523}.Release|Any CPU.ActiveCfg = Release|Any CPU
		{FF68E128-16C2-46A4-B940-C8A0D1DA9523}.Release|Any CPU.Build.0 = Release|Any CPU
		{FF68E128-16C2-46A4-B940-C8A0D1DA9523}.Release|ARM.ActiveCfg = Release|Any CPU
		{FF68E128-16C2-46A4-B940-C8A0D1DA9523}.Release|ARM.Build.0 = Release|Any CPU
		{FF68E128-16C2-46A4-B940-C8A0D1DA9523}.Release|iPhone.ActiveCfg = Release|Any CPU
		{FF68E128-16C2-46A4-B940-C8A0D1DA9523}.Release|iPhone.Build.0 = Release|Any CPU
		{FF68E128-16C2-46A4-B940-C8A0D1DA9523}.Release|iPhoneSimulator.ActiveCfg = Release|Any CPU
		{FF68E128-16C2-46A4-B940-C8A0D1DA9523}.Release|iPhoneSimulator.Build.0 = Release|Any CPU
		{FF68E128-16C2-46A4-B940-C8A0D1DA9523}.Release|x64.ActiveCfg = Release|Any CPU
		{FF68E128-16C2-46A4-B940-C8A0D1DA9523}.Release|x64.Build.0 = Release|Any CPU
		{FF68E128-16C2-46A4-B940-C8A0D1DA9523}.Release|x86.ActiveCfg = Release|Any CPU
		{FF68E128-16C2-46A4-B940-C8A0D1DA9523}.Release|x86.Build.0 = Release|Any CPU
		{22512F0E-E35A-4779-8395-30FA4F7498F0}.Ad-Hoc|Any CPU.ActiveCfg = Release|Any CPU
		{22512F0E-E35A-4779-8395-30FA4F7498F0}.Ad-Hoc|Any CPU.Build.0 = Release|Any CPU
		{22512F0E-E35A-4779-8395-30FA4F7498F0}.Ad-Hoc|ARM.ActiveCfg = Release|Any CPU
		{22512F0E-E35A-4779-8395-30FA4F7498F0}.Ad-Hoc|ARM.Build.0 = Release|Any CPU
		{22512F0E-E35A-4779-8395-30FA4F7498F0}.Ad-Hoc|iPhone.ActiveCfg = Release|Any CPU
		{22512F0E-E35A-4779-8395-30FA4F7498F0}.Ad-Hoc|iPhone.Build.0 = Release|Any CPU
		{22512F0E-E35A-4779-8395-30FA4F7498F0}.Ad-Hoc|iPhoneSimulator.ActiveCfg = Release|Any CPU
		{22512F0E-E35A-4779-8395-30FA4F7498F0}.Ad-Hoc|iPhoneSimulator.Build.0 = Release|Any CPU
		{22512F0E-E35A-4779-8395-30FA4F7498F0}.Ad-Hoc|x64.ActiveCfg = Release|Any CPU
		{22512F0E-E35A-4779-8395-30FA4F7498F0}.Ad-Hoc|x64.Build.0 = Release|Any CPU
		{22512F0E-E35A-4779-8395-30FA4F7498F0}.Ad-Hoc|x86.ActiveCfg = Release|Any CPU
		{22512F0E-E35A-4779-8395-30FA4F7498F0}.Ad-Hoc|x86.Build.0 = Release|Any CPU
		{22512F0E-E35A-4779-8395-30FA4F7498F0}.AppStore|Any CPU.ActiveCfg = Release|Any CPU
		{22512F0E-E35A-4779-8395-30FA4F7498F0}.AppStore|Any CPU.Build.0 = Release|Any CPU
		{22512F0E-E35A-4779-8395-30FA4F7498F0}.AppStore|ARM.ActiveCfg = Release|Any CPU
		{22512F0E-E35A-4779-8395-30FA4F7498F0}.AppStore|ARM.Build.0 = Release|Any CPU
		{22512F0E-E35A-4779-8395-30FA4F7498F0}.AppStore|iPhone.ActiveCfg = Release|Any CPU
		{22512F0E-E35A-4779-8395-30FA4F7498F0}.AppStore|iPhone.Build.0 = Release|Any CPU
		{22512F0E-E35A-4779-8395-30FA4F7498F0}.AppStore|iPhoneSimulator.ActiveCfg = Release|Any CPU
		{22512F0E-E35A-4779-8395-30FA4F7498F0}.AppStore|iPhoneSimulator.Build.0 = Release|Any CPU
		{22512F0E-E35A-4779-8395-30FA4F7498F0}.AppStore|x64.ActiveCfg = Release|Any CPU
		{22512F0E-E35A-4779-8395-30FA4F7498F0}.AppStore|x64.Build.0 = Release|Any CPU
		{22512F0E-E35A-4779-8395-30FA4F7498F0}.AppStore|x86.ActiveCfg = Release|Any CPU
		{22512F0E-E35A-4779-8395-30FA4F7498F0}.AppStore|x86.Build.0 = Release|Any CPU
		{22512F0E-E35A-4779-8395-30FA4F7498F0}.Debug|Any CPU.ActiveCfg = Debug|Any CPU
		{22512F0E-E35A-4779-8395-30FA4F7498F0}.Debug|Any CPU.Build.0 = Debug|Any CPU
		{22512F0E-E35A-4779-8395-30FA4F7498F0}.Debug|ARM.ActiveCfg = Debug|Any CPU
		{22512F0E-E35A-4779-8395-30FA4F7498F0}.Debug|ARM.Build.0 = Debug|Any CPU
		{22512F0E-E35A-4779-8395-30FA4F7498F0}.Debug|iPhone.ActiveCfg = Debug|Any CPU
		{22512F0E-E35A-4779-8395-30FA4F7498F0}.Debug|iPhone.Build.0 = Debug|Any CPU
		{22512F0E-E35A-4779-8395-30FA4F7498F0}.Debug|iPhoneSimulator.ActiveCfg = Debug|Any CPU
		{22512F0E-E35A-4779-8395-30FA4F7498F0}.Debug|iPhoneSimulator.Build.0 = Debug|Any CPU
		{22512F0E-E35A-4779-8395-30FA4F7498F0}.Debug|x64.ActiveCfg = Debug|Any CPU
		{22512F0E-E35A-4779-8395-30FA4F7498F0}.Debug|x64.Build.0 = Debug|Any CPU
		{22512F0E-E35A-4779-8395-30FA4F7498F0}.Debug|x86.ActiveCfg = Debug|Any CPU
		{22512F0E-E35A-4779-8395-30FA4F7498F0}.Debug|x86.Build.0 = Debug|Any CPU
		{22512F0E-E35A-4779-8395-30FA4F7498F0}.Release|Any CPU.ActiveCfg = Release|Any CPU
		{22512F0E-E35A-4779-8395-30FA4F7498F0}.Release|Any CPU.Build.0 = Release|Any CPU
		{22512F0E-E35A-4779-8395-30FA4F7498F0}.Release|ARM.ActiveCfg = Release|Any CPU
		{22512F0E-E35A-4779-8395-30FA4F7498F0}.Release|ARM.Build.0 = Release|Any CPU
		{22512F0E-E35A-4779-8395-30FA4F7498F0}.Release|iPhone.ActiveCfg = Release|Any CPU
		{22512F0E-E35A-4779-8395-30FA4F7498F0}.Release|iPhone.Build.0 = Release|Any CPU
		{22512F0E-E35A-4779-8395-30FA4F7498F0}.Release|iPhoneSimulator.ActiveCfg = Release|Any CPU
		{22512F0E-E35A-4779-8395-30FA4F7498F0}.Release|iPhoneSimulator.Build.0 = Release|Any CPU
		{22512F0E-E35A-4779-8395-30FA4F7498F0}.Release|x64.ActiveCfg = Release|Any CPU
		{22512F0E-E35A-4779-8395-30FA4F7498F0}.Release|x64.Build.0 = Release|Any CPU
		{22512F0E-E35A-4779-8395-30FA4F7498F0}.Release|x86.ActiveCfg = Release|Any CPU
		{22512F0E-E35A-4779-8395-30FA4F7498F0}.Release|x86.Build.0 = Release|Any CPU
		{BE0B5E09-1C59-49F6-9456-64BAB3E6E39F}.Ad-Hoc|Any CPU.ActiveCfg = Release|Any CPU
		{BE0B5E09-1C59-49F6-9456-64BAB3E6E39F}.Ad-Hoc|Any CPU.Build.0 = Release|Any CPU
		{BE0B5E09-1C59-49F6-9456-64BAB3E6E39F}.Ad-Hoc|ARM.ActiveCfg = Release|Any CPU
		{BE0B5E09-1C59-49F6-9456-64BAB3E6E39F}.Ad-Hoc|ARM.Build.0 = Release|Any CPU
		{BE0B5E09-1C59-49F6-9456-64BAB3E6E39F}.Ad-Hoc|iPhone.ActiveCfg = Release|Any CPU
		{BE0B5E09-1C59-49F6-9456-64BAB3E6E39F}.Ad-Hoc|iPhone.Build.0 = Release|Any CPU
		{BE0B5E09-1C59-49F6-9456-64BAB3E6E39F}.Ad-Hoc|iPhoneSimulator.ActiveCfg = Release|Any CPU
		{BE0B5E09-1C59-49F6-9456-64BAB3E6E39F}.Ad-Hoc|iPhoneSimulator.Build.0 = Release|Any CPU
		{BE0B5E09-1C59-49F6-9456-64BAB3E6E39F}.Ad-Hoc|x64.ActiveCfg = Release|Any CPU
		{BE0B5E09-1C59-49F6-9456-64BAB3E6E39F}.Ad-Hoc|x64.Build.0 = Release|Any CPU
		{BE0B5E09-1C59-49F6-9456-64BAB3E6E39F}.Ad-Hoc|x86.ActiveCfg = Release|Any CPU
		{BE0B5E09-1C59-49F6-9456-64BAB3E6E39F}.Ad-Hoc|x86.Build.0 = Release|Any CPU
		{BE0B5E09-1C59-49F6-9456-64BAB3E6E39F}.AppStore|Any CPU.ActiveCfg = Release|Any CPU
		{BE0B5E09-1C59-49F6-9456-64BAB3E6E39F}.AppStore|Any CPU.Build.0 = Release|Any CPU
		{BE0B5E09-1C59-49F6-9456-64BAB3E6E39F}.AppStore|ARM.ActiveCfg = Release|Any CPU
		{BE0B5E09-1C59-49F6-9456-64BAB3E6E39F}.AppStore|ARM.Build.0 = Release|Any CPU
		{BE0B5E09-1C59-49F6-9456-64BAB3E6E39F}.AppStore|iPhone.ActiveCfg = Release|Any CPU
		{BE0B5E09-1C59-49F6-9456-64BAB3E6E39F}.AppStore|iPhone.Build.0 = Release|Any CPU
		{BE0B5E09-1C59-49F6-9456-64BAB3E6E39F}.AppStore|iPhoneSimulator.ActiveCfg = Release|Any CPU
		{BE0B5E09-1C59-49F6-9456-64BAB3E6E39F}.AppStore|iPhoneSimulator.Build.0 = Release|Any CPU
		{BE0B5E09-1C59-49F6-9456-64BAB3E6E39F}.AppStore|x64.ActiveCfg = Release|Any CPU
		{BE0B5E09-1C59-49F6-9456-64BAB3E6E39F}.AppStore|x64.Build.0 = Release|Any CPU
		{BE0B5E09-1C59-49F6-9456-64BAB3E6E39F}.AppStore|x86.ActiveCfg = Release|Any CPU
		{BE0B5E09-1C59-49F6-9456-64BAB3E6E39F}.AppStore|x86.Build.0 = Release|Any CPU
		{BE0B5E09-1C59-49F6-9456-64BAB3E6E39F}.Debug|Any CPU.ActiveCfg = Debug|Any CPU
		{BE0B5E09-1C59-49F6-9456-64BAB3E6E39F}.Debug|Any CPU.Build.0 = Debug|Any CPU
		{BE0B5E09-1C59-49F6-9456-64BAB3E6E39F}.Debug|ARM.ActiveCfg = Debug|Any CPU
		{BE0B5E09-1C59-49F6-9456-64BAB3E6E39F}.Debug|ARM.Build.0 = Debug|Any CPU
		{BE0B5E09-1C59-49F6-9456-64BAB3E6E39F}.Debug|iPhone.ActiveCfg = Debug|Any CPU
		{BE0B5E09-1C59-49F6-9456-64BAB3E6E39F}.Debug|iPhone.Build.0 = Debug|Any CPU
		{BE0B5E09-1C59-49F6-9456-64BAB3E6E39F}.Debug|iPhoneSimulator.ActiveCfg = Debug|Any CPU
		{BE0B5E09-1C59-49F6-9456-64BAB3E6E39F}.Debug|iPhoneSimulator.Build.0 = Debug|Any CPU
		{BE0B5E09-1C59-49F6-9456-64BAB3E6E39F}.Debug|x64.ActiveCfg = Debug|Any CPU
		{BE0B5E09-1C59-49F6-9456-64BAB3E6E39F}.Debug|x64.Build.0 = Debug|Any CPU
		{BE0B5E09-1C59-49F6-9456-64BAB3E6E39F}.Debug|x86.ActiveCfg = Debug|Any CPU
		{BE0B5E09-1C59-49F6-9456-64BAB3E6E39F}.Debug|x86.Build.0 = Debug|Any CPU
		{BE0B5E09-1C59-49F6-9456-64BAB3E6E39F}.Release|Any CPU.ActiveCfg = Release|Any CPU
		{BE0B5E09-1C59-49F6-9456-64BAB3E6E39F}.Release|Any CPU.Build.0 = Release|Any CPU
		{BE0B5E09-1C59-49F6-9456-64BAB3E6E39F}.Release|ARM.ActiveCfg = Release|Any CPU
		{BE0B5E09-1C59-49F6-9456-64BAB3E6E39F}.Release|ARM.Build.0 = Release|Any CPU
		{BE0B5E09-1C59-49F6-9456-64BAB3E6E39F}.Release|iPhone.ActiveCfg = Release|Any CPU
		{BE0B5E09-1C59-49F6-9456-64BAB3E6E39F}.Release|iPhone.Build.0 = Release|Any CPU
		{BE0B5E09-1C59-49F6-9456-64BAB3E6E39F}.Release|iPhoneSimulator.ActiveCfg = Release|Any CPU
		{BE0B5E09-1C59-49F6-9456-64BAB3E6E39F}.Release|iPhoneSimulator.Build.0 = Release|Any CPU
		{BE0B5E09-1C59-49F6-9456-64BAB3E6E39F}.Release|x64.ActiveCfg = Release|Any CPU
		{BE0B5E09-1C59-49F6-9456-64BAB3E6E39F}.Release|x64.Build.0 = Release|Any CPU
		{BE0B5E09-1C59-49F6-9456-64BAB3E6E39F}.Release|x86.ActiveCfg = Release|Any CPU
		{BE0B5E09-1C59-49F6-9456-64BAB3E6E39F}.Release|x86.Build.0 = Release|Any CPU
		{C5F80730-F44F-4478-BDAE-6634EFC2CA88}.Ad-Hoc|Any CPU.ActiveCfg = Release|Win32
		{C5F80730-F44F-4478-BDAE-6634EFC2CA88}.Ad-Hoc|Any CPU.Build.0 = Release|Win32
		{C5F80730-F44F-4478-BDAE-6634EFC2CA88}.Ad-Hoc|ARM.ActiveCfg = Release|Win32
		{C5F80730-F44F-4478-BDAE-6634EFC2CA88}.Ad-Hoc|ARM.Build.0 = Release|Win32
		{C5F80730-F44F-4478-BDAE-6634EFC2CA88}.Ad-Hoc|iPhone.ActiveCfg = Release|Win32
		{C5F80730-F44F-4478-BDAE-6634EFC2CA88}.Ad-Hoc|iPhone.Build.0 = Release|Win32
		{C5F80730-F44F-4478-BDAE-6634EFC2CA88}.Ad-Hoc|iPhoneSimulator.ActiveCfg = Release|Win32
		{C5F80730-F44F-4478-BDAE-6634EFC2CA88}.Ad-Hoc|iPhoneSimulator.Build.0 = Release|Win32
		{C5F80730-F44F-4478-BDAE-6634EFC2CA88}.Ad-Hoc|x64.ActiveCfg = Release|Win32
		{C5F80730-F44F-4478-BDAE-6634EFC2CA88}.Ad-Hoc|x64.Build.0 = Release|Win32
		{C5F80730-F44F-4478-BDAE-6634EFC2CA88}.Ad-Hoc|x86.ActiveCfg = Release|Win32
		{C5F80730-F44F-4478-BDAE-6634EFC2CA88}.Ad-Hoc|x86.Build.0 = Release|Win32
		{C5F80730-F44F-4478-BDAE-6634EFC2CA88}.AppStore|Any CPU.ActiveCfg = Release|Win32
		{C5F80730-F44F-4478-BDAE-6634EFC2CA88}.AppStore|Any CPU.Build.0 = Release|Win32
		{C5F80730-F44F-4478-BDAE-6634EFC2CA88}.AppStore|ARM.ActiveCfg = Release|Win32
		{C5F80730-F44F-4478-BDAE-6634EFC2CA88}.AppStore|ARM.Build.0 = Release|Win32
		{C5F80730-F44F-4478-BDAE-6634EFC2CA88}.AppStore|iPhone.ActiveCfg = Release|Win32
		{C5F80730-F44F-4478-BDAE-6634EFC2CA88}.AppStore|iPhone.Build.0 = Release|Win32
		{C5F80730-F44F-4478-BDAE-6634EFC2CA88}.AppStore|iPhoneSimulator.ActiveCfg = Release|Win32
		{C5F80730-F44F-4478-BDAE-6634EFC2CA88}.AppStore|iPhoneSimulator.Build.0 = Release|Win32
		{C5F80730-F44F-4478-BDAE-6634EFC2CA88}.AppStore|x64.ActiveCfg = Release|Win32
		{C5F80730-F44F-4478-BDAE-6634EFC2CA88}.AppStore|x64.Build.0 = Release|Win32
		{C5F80730-F44F-4478-BDAE-6634EFC2CA88}.AppStore|x86.ActiveCfg = Release|Win32
		{C5F80730-F44F-4478-BDAE-6634EFC2CA88}.AppStore|x86.Build.0 = Release|Win32
		{C5F80730-F44F-4478-BDAE-6634EFC2CA88}.Debug|Any CPU.ActiveCfg = Debug|Win32
		{C5F80730-F44F-4478-BDAE-6634EFC2CA88}.Debug|Any CPU.Build.0 = Debug|Win32
		{C5F80730-F44F-4478-BDAE-6634EFC2CA88}.Debug|ARM.ActiveCfg = Debug|Win32
		{C5F80730-F44F-4478-BDAE-6634EFC2CA88}.Debug|iPhone.ActiveCfg = Debug|Win32
		{C5F80730-F44F-4478-BDAE-6634EFC2CA88}.Debug|iPhoneSimulator.ActiveCfg = Debug|Win32
		{C5F80730-F44F-4478-BDAE-6634EFC2CA88}.Debug|x64.ActiveCfg = Debug|Win32
		{C5F80730-F44F-4478-BDAE-6634EFC2CA88}.Debug|x86.ActiveCfg = Debug|Win32
		{C5F80730-F44F-4478-BDAE-6634EFC2CA88}.Debug|x86.Build.0 = Debug|Win32
		{C5F80730-F44F-4478-BDAE-6634EFC2CA88}.Release|Any CPU.ActiveCfg = Release|Win32
		{C5F80730-F44F-4478-BDAE-6634EFC2CA88}.Release|ARM.ActiveCfg = Release|Win32
		{C5F80730-F44F-4478-BDAE-6634EFC2CA88}.Release|iPhone.ActiveCfg = Release|Win32
		{C5F80730-F44F-4478-BDAE-6634EFC2CA88}.Release|iPhoneSimulator.ActiveCfg = Release|Win32
		{C5F80730-F44F-4478-BDAE-6634EFC2CA88}.Release|x64.ActiveCfg = Release|Win32
		{C5F80730-F44F-4478-BDAE-6634EFC2CA88}.Release|x86.ActiveCfg = Release|Win32
		{C5F80730-F44F-4478-BDAE-6634EFC2CA88}.Release|x86.Build.0 = Release|Win32
		{F165628D-8235-4EA9-B04F-98C81C539B9D}.Ad-Hoc|Any CPU.ActiveCfg = Release|Any CPU
		{F165628D-8235-4EA9-B04F-98C81C539B9D}.Ad-Hoc|Any CPU.Build.0 = Release|Any CPU
		{F165628D-8235-4EA9-B04F-98C81C539B9D}.Ad-Hoc|Any CPU.Deploy.0 = Release|Any CPU
		{F165628D-8235-4EA9-B04F-98C81C539B9D}.Ad-Hoc|ARM.ActiveCfg = Release|Any CPU
		{F165628D-8235-4EA9-B04F-98C81C539B9D}.Ad-Hoc|ARM.Build.0 = Release|Any CPU
		{F165628D-8235-4EA9-B04F-98C81C539B9D}.Ad-Hoc|ARM.Deploy.0 = Release|Any CPU
		{F165628D-8235-4EA9-B04F-98C81C539B9D}.Ad-Hoc|iPhone.ActiveCfg = Release|Any CPU
		{F165628D-8235-4EA9-B04F-98C81C539B9D}.Ad-Hoc|iPhone.Build.0 = Release|Any CPU
		{F165628D-8235-4EA9-B04F-98C81C539B9D}.Ad-Hoc|iPhone.Deploy.0 = Release|Any CPU
		{F165628D-8235-4EA9-B04F-98C81C539B9D}.Ad-Hoc|iPhoneSimulator.ActiveCfg = Release|Any CPU
		{F165628D-8235-4EA9-B04F-98C81C539B9D}.Ad-Hoc|iPhoneSimulator.Build.0 = Release|Any CPU
		{F165628D-8235-4EA9-B04F-98C81C539B9D}.Ad-Hoc|iPhoneSimulator.Deploy.0 = Release|Any CPU
		{F165628D-8235-4EA9-B04F-98C81C539B9D}.Ad-Hoc|x64.ActiveCfg = Release|Any CPU
		{F165628D-8235-4EA9-B04F-98C81C539B9D}.Ad-Hoc|x64.Build.0 = Release|Any CPU
		{F165628D-8235-4EA9-B04F-98C81C539B9D}.Ad-Hoc|x64.Deploy.0 = Release|Any CPU
		{F165628D-8235-4EA9-B04F-98C81C539B9D}.Ad-Hoc|x86.ActiveCfg = Release|Any CPU
		{F165628D-8235-4EA9-B04F-98C81C539B9D}.Ad-Hoc|x86.Build.0 = Release|Any CPU
		{F165628D-8235-4EA9-B04F-98C81C539B9D}.Ad-Hoc|x86.Deploy.0 = Release|Any CPU
		{F165628D-8235-4EA9-B04F-98C81C539B9D}.AppStore|Any CPU.ActiveCfg = Release|Any CPU
		{F165628D-8235-4EA9-B04F-98C81C539B9D}.AppStore|Any CPU.Build.0 = Release|Any CPU
		{F165628D-8235-4EA9-B04F-98C81C539B9D}.AppStore|Any CPU.Deploy.0 = Release|Any CPU
		{F165628D-8235-4EA9-B04F-98C81C539B9D}.AppStore|ARM.ActiveCfg = Release|Any CPU
		{F165628D-8235-4EA9-B04F-98C81C539B9D}.AppStore|ARM.Build.0 = Release|Any CPU
		{F165628D-8235-4EA9-B04F-98C81C539B9D}.AppStore|ARM.Deploy.0 = Release|Any CPU
		{F165628D-8235-4EA9-B04F-98C81C539B9D}.AppStore|iPhone.ActiveCfg = Release|Any CPU
		{F165628D-8235-4EA9-B04F-98C81C539B9D}.AppStore|iPhone.Build.0 = Release|Any CPU
		{F165628D-8235-4EA9-B04F-98C81C539B9D}.AppStore|iPhone.Deploy.0 = Release|Any CPU
		{F165628D-8235-4EA9-B04F-98C81C539B9D}.AppStore|iPhoneSimulator.ActiveCfg = Release|Any CPU
		{F165628D-8235-4EA9-B04F-98C81C539B9D}.AppStore|iPhoneSimulator.Build.0 = Release|Any CPU
		{F165628D-8235-4EA9-B04F-98C81C539B9D}.AppStore|iPhoneSimulator.Deploy.0 = Release|Any CPU
		{F165628D-8235-4EA9-B04F-98C81C539B9D}.AppStore|x64.ActiveCfg = Release|Any CPU
		{F165628D-8235-4EA9-B04F-98C81C539B9D}.AppStore|x64.Build.0 = Release|Any CPU
		{F165628D-8235-4EA9-B04F-98C81C539B9D}.AppStore|x64.Deploy.0 = Release|Any CPU
		{F165628D-8235-4EA9-B04F-98C81C539B9D}.AppStore|x86.ActiveCfg = Release|Any CPU
		{F165628D-8235-4EA9-B04F-98C81C539B9D}.AppStore|x86.Build.0 = Release|Any CPU
		{F165628D-8235-4EA9-B04F-98C81C539B9D}.AppStore|x86.Deploy.0 = Release|Any CPU
		{F165628D-8235-4EA9-B04F-98C81C539B9D}.Debug|Any CPU.ActiveCfg = Debug|Any CPU
		{F165628D-8235-4EA9-B04F-98C81C539B9D}.Debug|Any CPU.Build.0 = Debug|Any CPU
		{F165628D-8235-4EA9-B04F-98C81C539B9D}.Debug|Any CPU.Deploy.0 = Debug|Any CPU
		{F165628D-8235-4EA9-B04F-98C81C539B9D}.Debug|ARM.ActiveCfg = Debug|Any CPU
		{F165628D-8235-4EA9-B04F-98C81C539B9D}.Debug|ARM.Build.0 = Debug|Any CPU
		{F165628D-8235-4EA9-B04F-98C81C539B9D}.Debug|ARM.Deploy.0 = Debug|Any CPU
		{F165628D-8235-4EA9-B04F-98C81C539B9D}.Debug|iPhone.ActiveCfg = Debug|Any CPU
		{F165628D-8235-4EA9-B04F-98C81C539B9D}.Debug|iPhone.Build.0 = Debug|Any CPU
		{F165628D-8235-4EA9-B04F-98C81C539B9D}.Debug|iPhone.Deploy.0 = Debug|Any CPU
		{F165628D-8235-4EA9-B04F-98C81C539B9D}.Debug|iPhoneSimulator.ActiveCfg = Debug|Any CPU
		{F165628D-8235-4EA9-B04F-98C81C539B9D}.Debug|iPhoneSimulator.Build.0 = Debug|Any CPU
		{F165628D-8235-4EA9-B04F-98C81C539B9D}.Debug|iPhoneSimulator.Deploy.0 = Debug|Any CPU
		{F165628D-8235-4EA9-B04F-98C81C539B9D}.Debug|x64.ActiveCfg = Debug|Any CPU
		{F165628D-8235-4EA9-B04F-98C81C539B9D}.Debug|x64.Build.0 = Debug|Any CPU
		{F165628D-8235-4EA9-B04F-98C81C539B9D}.Debug|x64.Deploy.0 = Debug|Any CPU
		{F165628D-8235-4EA9-B04F-98C81C539B9D}.Debug|x86.ActiveCfg = Debug|Any CPU
		{F165628D-8235-4EA9-B04F-98C81C539B9D}.Debug|x86.Build.0 = Debug|Any CPU
		{F165628D-8235-4EA9-B04F-98C81C539B9D}.Debug|x86.Deploy.0 = Debug|Any CPU
		{F165628D-8235-4EA9-B04F-98C81C539B9D}.Release|Any CPU.ActiveCfg = Release|Any CPU
		{F165628D-8235-4EA9-B04F-98C81C539B9D}.Release|Any CPU.Build.0 = Release|Any CPU
		{F165628D-8235-4EA9-B04F-98C81C539B9D}.Release|Any CPU.Deploy.0 = Release|Any CPU
		{F165628D-8235-4EA9-B04F-98C81C539B9D}.Release|ARM.ActiveCfg = Release|Any CPU
		{F165628D-8235-4EA9-B04F-98C81C539B9D}.Release|ARM.Build.0 = Release|Any CPU
		{F165628D-8235-4EA9-B04F-98C81C539B9D}.Release|ARM.Deploy.0 = Release|Any CPU
		{F165628D-8235-4EA9-B04F-98C81C539B9D}.Release|iPhone.ActiveCfg = Release|Any CPU
		{F165628D-8235-4EA9-B04F-98C81C539B9D}.Release|iPhone.Build.0 = Release|Any CPU
		{F165628D-8235-4EA9-B04F-98C81C539B9D}.Release|iPhone.Deploy.0 = Release|Any CPU
		{F165628D-8235-4EA9-B04F-98C81C539B9D}.Release|iPhoneSimulator.ActiveCfg = Release|Any CPU
		{F165628D-8235-4EA9-B04F-98C81C539B9D}.Release|iPhoneSimulator.Build.0 = Release|Any CPU
		{F165628D-8235-4EA9-B04F-98C81C539B9D}.Release|iPhoneSimulator.Deploy.0 = Release|Any CPU
		{F165628D-8235-4EA9-B04F-98C81C539B9D}.Release|x64.ActiveCfg = Release|Any CPU
		{F165628D-8235-4EA9-B04F-98C81C539B9D}.Release|x64.Build.0 = Release|Any CPU
		{F165628D-8235-4EA9-B04F-98C81C539B9D}.Release|x64.Deploy.0 = Release|Any CPU
		{F165628D-8235-4EA9-B04F-98C81C539B9D}.Release|x86.ActiveCfg = Release|Any CPU
		{F165628D-8235-4EA9-B04F-98C81C539B9D}.Release|x86.Build.0 = Release|Any CPU
		{F165628D-8235-4EA9-B04F-98C81C539B9D}.Release|x86.Deploy.0 = Release|Any CPU
		{21FAF441-7A02-440A-A8B6-771812A0EF8C}.Ad-Hoc|Any CPU.ActiveCfg = Ad-Hoc|iPhone
		{21FAF441-7A02-440A-A8B6-771812A0EF8C}.Ad-Hoc|ARM.ActiveCfg = Ad-Hoc|iPhone
		{21FAF441-7A02-440A-A8B6-771812A0EF8C}.Ad-Hoc|iPhone.ActiveCfg = Ad-Hoc|iPhone
		{21FAF441-7A02-440A-A8B6-771812A0EF8C}.Ad-Hoc|iPhone.Build.0 = Ad-Hoc|iPhone
		{21FAF441-7A02-440A-A8B6-771812A0EF8C}.Ad-Hoc|iPhoneSimulator.ActiveCfg = Ad-Hoc|iPhoneSimulator
		{21FAF441-7A02-440A-A8B6-771812A0EF8C}.Ad-Hoc|iPhoneSimulator.Build.0 = Ad-Hoc|iPhoneSimulator
		{21FAF441-7A02-440A-A8B6-771812A0EF8C}.Ad-Hoc|x64.ActiveCfg = Ad-Hoc|iPhone
		{21FAF441-7A02-440A-A8B6-771812A0EF8C}.Ad-Hoc|x86.ActiveCfg = Ad-Hoc|iPhone
		{21FAF441-7A02-440A-A8B6-771812A0EF8C}.AppStore|Any CPU.ActiveCfg = AppStore|iPhone
		{21FAF441-7A02-440A-A8B6-771812A0EF8C}.AppStore|ARM.ActiveCfg = AppStore|iPhone
		{21FAF441-7A02-440A-A8B6-771812A0EF8C}.AppStore|iPhone.ActiveCfg = AppStore|iPhone
		{21FAF441-7A02-440A-A8B6-771812A0EF8C}.AppStore|iPhone.Build.0 = AppStore|iPhone
		{21FAF441-7A02-440A-A8B6-771812A0EF8C}.AppStore|iPhoneSimulator.ActiveCfg = AppStore|iPhoneSimulator
		{21FAF441-7A02-440A-A8B6-771812A0EF8C}.AppStore|iPhoneSimulator.Build.0 = AppStore|iPhoneSimulator
		{21FAF441-7A02-440A-A8B6-771812A0EF8C}.AppStore|x64.ActiveCfg = AppStore|iPhone
		{21FAF441-7A02-440A-A8B6-771812A0EF8C}.AppStore|x86.ActiveCfg = AppStore|iPhone
		{21FAF441-7A02-440A-A8B6-771812A0EF8C}.Debug|Any CPU.ActiveCfg = Debug|iPhone
		{21FAF441-7A02-440A-A8B6-771812A0EF8C}.Debug|ARM.ActiveCfg = Debug|iPhone
		{21FAF441-7A02-440A-A8B6-771812A0EF8C}.Debug|iPhone.ActiveCfg = Debug|iPhone
		{21FAF441-7A02-440A-A8B6-771812A0EF8C}.Debug|iPhone.Build.0 = Debug|iPhone
		{21FAF441-7A02-440A-A8B6-771812A0EF8C}.Debug|iPhoneSimulator.ActiveCfg = Debug|iPhoneSimulator
		{21FAF441-7A02-440A-A8B6-771812A0EF8C}.Debug|iPhoneSimulator.Build.0 = Debug|iPhoneSimulator
		{21FAF441-7A02-440A-A8B6-771812A0EF8C}.Debug|x64.ActiveCfg = Debug|iPhone
		{21FAF441-7A02-440A-A8B6-771812A0EF8C}.Debug|x86.ActiveCfg = Debug|iPhone
		{21FAF441-7A02-440A-A8B6-771812A0EF8C}.Release|Any CPU.ActiveCfg = Release|iPhone
		{21FAF441-7A02-440A-A8B6-771812A0EF8C}.Release|ARM.ActiveCfg = Release|iPhone
		{21FAF441-7A02-440A-A8B6-771812A0EF8C}.Release|iPhone.ActiveCfg = Release|iPhone
		{21FAF441-7A02-440A-A8B6-771812A0EF8C}.Release|iPhone.Build.0 = Release|iPhone
		{21FAF441-7A02-440A-A8B6-771812A0EF8C}.Release|iPhoneSimulator.ActiveCfg = Release|iPhoneSimulator
		{21FAF441-7A02-440A-A8B6-771812A0EF8C}.Release|iPhoneSimulator.Build.0 = Release|iPhoneSimulator
		{21FAF441-7A02-440A-A8B6-771812A0EF8C}.Release|x64.ActiveCfg = Release|iPhone
		{21FAF441-7A02-440A-A8B6-771812A0EF8C}.Release|x86.ActiveCfg = Release|iPhone
		{B8AEF4E0-89C5-4CC5-A9FF-24219FD3031E}.Ad-Hoc|Any CPU.ActiveCfg = Release|x86
		{B8AEF4E0-89C5-4CC5-A9FF-24219FD3031E}.Ad-Hoc|Any CPU.Build.0 = Release|x86
		{B8AEF4E0-89C5-4CC5-A9FF-24219FD3031E}.Ad-Hoc|Any CPU.Deploy.0 = Release|x86
		{B8AEF4E0-89C5-4CC5-A9FF-24219FD3031E}.Ad-Hoc|ARM.ActiveCfg = Release|ARM
		{B8AEF4E0-89C5-4CC5-A9FF-24219FD3031E}.Ad-Hoc|ARM.Build.0 = Release|ARM
		{B8AEF4E0-89C5-4CC5-A9FF-24219FD3031E}.Ad-Hoc|ARM.Deploy.0 = Release|ARM
		{B8AEF4E0-89C5-4CC5-A9FF-24219FD3031E}.Ad-Hoc|iPhone.ActiveCfg = Release|x86
		{B8AEF4E0-89C5-4CC5-A9FF-24219FD3031E}.Ad-Hoc|iPhone.Build.0 = Release|x86
		{B8AEF4E0-89C5-4CC5-A9FF-24219FD3031E}.Ad-Hoc|iPhone.Deploy.0 = Release|x86
		{B8AEF4E0-89C5-4CC5-A9FF-24219FD3031E}.Ad-Hoc|iPhoneSimulator.ActiveCfg = Release|x86
		{B8AEF4E0-89C5-4CC5-A9FF-24219FD3031E}.Ad-Hoc|iPhoneSimulator.Build.0 = Release|x86
		{B8AEF4E0-89C5-4CC5-A9FF-24219FD3031E}.Ad-Hoc|iPhoneSimulator.Deploy.0 = Release|x86
		{B8AEF4E0-89C5-4CC5-A9FF-24219FD3031E}.Ad-Hoc|x64.ActiveCfg = Release|x64
		{B8AEF4E0-89C5-4CC5-A9FF-24219FD3031E}.Ad-Hoc|x64.Build.0 = Release|x64
		{B8AEF4E0-89C5-4CC5-A9FF-24219FD3031E}.Ad-Hoc|x64.Deploy.0 = Release|x64
		{B8AEF4E0-89C5-4CC5-A9FF-24219FD3031E}.Ad-Hoc|x86.ActiveCfg = Release|x86
		{B8AEF4E0-89C5-4CC5-A9FF-24219FD3031E}.Ad-Hoc|x86.Build.0 = Release|x86
		{B8AEF4E0-89C5-4CC5-A9FF-24219FD3031E}.Ad-Hoc|x86.Deploy.0 = Release|x86
		{B8AEF4E0-89C5-4CC5-A9FF-24219FD3031E}.AppStore|Any CPU.ActiveCfg = Release|x86
		{B8AEF4E0-89C5-4CC5-A9FF-24219FD3031E}.AppStore|Any CPU.Build.0 = Release|x86
		{B8AEF4E0-89C5-4CC5-A9FF-24219FD3031E}.AppStore|Any CPU.Deploy.0 = Release|x86
		{B8AEF4E0-89C5-4CC5-A9FF-24219FD3031E}.AppStore|ARM.ActiveCfg = Release|ARM
		{B8AEF4E0-89C5-4CC5-A9FF-24219FD3031E}.AppStore|ARM.Build.0 = Release|ARM
		{B8AEF4E0-89C5-4CC5-A9FF-24219FD3031E}.AppStore|ARM.Deploy.0 = Release|ARM
		{B8AEF4E0-89C5-4CC5-A9FF-24219FD3031E}.AppStore|iPhone.ActiveCfg = Release|x86
		{B8AEF4E0-89C5-4CC5-A9FF-24219FD3031E}.AppStore|iPhone.Build.0 = Release|x86
		{B8AEF4E0-89C5-4CC5-A9FF-24219FD3031E}.AppStore|iPhone.Deploy.0 = Release|x86
		{B8AEF4E0-89C5-4CC5-A9FF-24219FD3031E}.AppStore|iPhoneSimulator.ActiveCfg = Release|x86
		{B8AEF4E0-89C5-4CC5-A9FF-24219FD3031E}.AppStore|iPhoneSimulator.Build.0 = Release|x86
		{B8AEF4E0-89C5-4CC5-A9FF-24219FD3031E}.AppStore|iPhoneSimulator.Deploy.0 = Release|x86
		{B8AEF4E0-89C5-4CC5-A9FF-24219FD3031E}.AppStore|x64.ActiveCfg = Release|x64
		{B8AEF4E0-89C5-4CC5-A9FF-24219FD3031E}.AppStore|x64.Build.0 = Release|x64
		{B8AEF4E0-89C5-4CC5-A9FF-24219FD3031E}.AppStore|x64.Deploy.0 = Release|x64
		{B8AEF4E0-89C5-4CC5-A9FF-24219FD3031E}.AppStore|x86.ActiveCfg = Release|x86
		{B8AEF4E0-89C5-4CC5-A9FF-24219FD3031E}.AppStore|x86.Build.0 = Release|x86
		{B8AEF4E0-89C5-4CC5-A9FF-24219FD3031E}.AppStore|x86.Deploy.0 = Release|x86
		{B8AEF4E0-89C5-4CC5-A9FF-24219FD3031E}.Debug|Any CPU.ActiveCfg = Debug|x86
		{B8AEF4E0-89C5-4CC5-A9FF-24219FD3031E}.Debug|Any CPU.Build.0 = Debug|x86
		{B8AEF4E0-89C5-4CC5-A9FF-24219FD3031E}.Debug|Any CPU.Deploy.0 = Debug|x86
		{B8AEF4E0-89C5-4CC5-A9FF-24219FD3031E}.Debug|ARM.ActiveCfg = Debug|ARM
		{B8AEF4E0-89C5-4CC5-A9FF-24219FD3031E}.Debug|ARM.Build.0 = Debug|ARM
		{B8AEF4E0-89C5-4CC5-A9FF-24219FD3031E}.Debug|ARM.Deploy.0 = Debug|ARM
		{B8AEF4E0-89C5-4CC5-A9FF-24219FD3031E}.Debug|iPhone.ActiveCfg = Debug|x86
		{B8AEF4E0-89C5-4CC5-A9FF-24219FD3031E}.Debug|iPhoneSimulator.ActiveCfg = Debug|x86
		{B8AEF4E0-89C5-4CC5-A9FF-24219FD3031E}.Debug|x64.ActiveCfg = Debug|x64
		{B8AEF4E0-89C5-4CC5-A9FF-24219FD3031E}.Debug|x64.Build.0 = Debug|x64
		{B8AEF4E0-89C5-4CC5-A9FF-24219FD3031E}.Debug|x64.Deploy.0 = Debug|x64
		{B8AEF4E0-89C5-4CC5-A9FF-24219FD3031E}.Debug|x86.ActiveCfg = Debug|x86
		{B8AEF4E0-89C5-4CC5-A9FF-24219FD3031E}.Debug|x86.Build.0 = Debug|x86
		{B8AEF4E0-89C5-4CC5-A9FF-24219FD3031E}.Debug|x86.Deploy.0 = Debug|x86
		{B8AEF4E0-89C5-4CC5-A9FF-24219FD3031E}.Release|Any CPU.ActiveCfg = Release|x86
		{B8AEF4E0-89C5-4CC5-A9FF-24219FD3031E}.Release|ARM.ActiveCfg = Release|ARM
		{B8AEF4E0-89C5-4CC5-A9FF-24219FD3031E}.Release|ARM.Build.0 = Release|ARM
		{B8AEF4E0-89C5-4CC5-A9FF-24219FD3031E}.Release|ARM.Deploy.0 = Release|ARM
		{B8AEF4E0-89C5-4CC5-A9FF-24219FD3031E}.Release|iPhone.ActiveCfg = Release|x86
		{B8AEF4E0-89C5-4CC5-A9FF-24219FD3031E}.Release|iPhoneSimulator.ActiveCfg = Release|x86
		{B8AEF4E0-89C5-4CC5-A9FF-24219FD3031E}.Release|x64.ActiveCfg = Release|x64
		{B8AEF4E0-89C5-4CC5-A9FF-24219FD3031E}.Release|x64.Build.0 = Release|x64
		{B8AEF4E0-89C5-4CC5-A9FF-24219FD3031E}.Release|x64.Deploy.0 = Release|x64
		{B8AEF4E0-89C5-4CC5-A9FF-24219FD3031E}.Release|x86.ActiveCfg = Release|x86
		{B8AEF4E0-89C5-4CC5-A9FF-24219FD3031E}.Release|x86.Build.0 = Release|x86
		{B8AEF4E0-89C5-4CC5-A9FF-24219FD3031E}.Release|x86.Deploy.0 = Release|x86
		{138AB86E-2666-497B-91FA-C9C2CE112AE7}.Ad-Hoc|Any CPU.ActiveCfg = Debug|Any CPU
		{138AB86E-2666-497B-91FA-C9C2CE112AE7}.Ad-Hoc|Any CPU.Build.0 = Debug|Any CPU
		{138AB86E-2666-497B-91FA-C9C2CE112AE7}.Ad-Hoc|ARM.ActiveCfg = Debug|Any CPU
		{138AB86E-2666-497B-91FA-C9C2CE112AE7}.Ad-Hoc|ARM.Build.0 = Debug|Any CPU
		{138AB86E-2666-497B-91FA-C9C2CE112AE7}.Ad-Hoc|iPhone.ActiveCfg = Debug|Any CPU
		{138AB86E-2666-497B-91FA-C9C2CE112AE7}.Ad-Hoc|iPhone.Build.0 = Debug|Any CPU
		{138AB86E-2666-497B-91FA-C9C2CE112AE7}.Ad-Hoc|iPhoneSimulator.ActiveCfg = Debug|Any CPU
		{138AB86E-2666-497B-91FA-C9C2CE112AE7}.Ad-Hoc|iPhoneSimulator.Build.0 = Debug|Any CPU
		{138AB86E-2666-497B-91FA-C9C2CE112AE7}.Ad-Hoc|x64.ActiveCfg = Debug|Any CPU
		{138AB86E-2666-497B-91FA-C9C2CE112AE7}.Ad-Hoc|x64.Build.0 = Debug|Any CPU
		{138AB86E-2666-497B-91FA-C9C2CE112AE7}.Ad-Hoc|x86.ActiveCfg = Debug|Any CPU
		{138AB86E-2666-497B-91FA-C9C2CE112AE7}.Ad-Hoc|x86.Build.0 = Debug|Any CPU
		{138AB86E-2666-497B-91FA-C9C2CE112AE7}.AppStore|Any CPU.ActiveCfg = Debug|Any CPU
		{138AB86E-2666-497B-91FA-C9C2CE112AE7}.AppStore|Any CPU.Build.0 = Debug|Any CPU
		{138AB86E-2666-497B-91FA-C9C2CE112AE7}.AppStore|ARM.ActiveCfg = Debug|Any CPU
		{138AB86E-2666-497B-91FA-C9C2CE112AE7}.AppStore|ARM.Build.0 = Debug|Any CPU
		{138AB86E-2666-497B-91FA-C9C2CE112AE7}.AppStore|iPhone.ActiveCfg = Debug|Any CPU
		{138AB86E-2666-497B-91FA-C9C2CE112AE7}.AppStore|iPhone.Build.0 = Debug|Any CPU
		{138AB86E-2666-497B-91FA-C9C2CE112AE7}.AppStore|iPhoneSimulator.ActiveCfg = Debug|Any CPU
		{138AB86E-2666-497B-91FA-C9C2CE112AE7}.AppStore|iPhoneSimulator.Build.0 = Debug|Any CPU
		{138AB86E-2666-497B-91FA-C9C2CE112AE7}.AppStore|x64.ActiveCfg = Debug|Any CPU
		{138AB86E-2666-497B-91FA-C9C2CE112AE7}.AppStore|x64.Build.0 = Debug|Any CPU
		{138AB86E-2666-497B-91FA-C9C2CE112AE7}.AppStore|x86.ActiveCfg = Debug|Any CPU
		{138AB86E-2666-497B-91FA-C9C2CE112AE7}.AppStore|x86.Build.0 = Debug|Any CPU
		{138AB86E-2666-497B-91FA-C9C2CE112AE7}.Debug|Any CPU.ActiveCfg = Debug|Any CPU
		{138AB86E-2666-497B-91FA-C9C2CE112AE7}.Debug|Any CPU.Build.0 = Debug|Any CPU
		{138AB86E-2666-497B-91FA-C9C2CE112AE7}.Debug|ARM.ActiveCfg = Debug|Any CPU
		{138AB86E-2666-497B-91FA-C9C2CE112AE7}.Debug|ARM.Build.0 = Debug|Any CPU
		{138AB86E-2666-497B-91FA-C9C2CE112AE7}.Debug|iPhone.ActiveCfg = Debug|Any CPU
		{138AB86E-2666-497B-91FA-C9C2CE112AE7}.Debug|iPhone.Build.0 = Debug|Any CPU
		{138AB86E-2666-497B-91FA-C9C2CE112AE7}.Debug|iPhoneSimulator.ActiveCfg = Debug|Any CPU
		{138AB86E-2666-497B-91FA-C9C2CE112AE7}.Debug|iPhoneSimulator.Build.0 = Debug|Any CPU
		{138AB86E-2666-497B-91FA-C9C2CE112AE7}.Debug|x64.ActiveCfg = Debug|Any CPU
		{138AB86E-2666-497B-91FA-C9C2CE112AE7}.Debug|x64.Build.0 = Debug|Any CPU
		{138AB86E-2666-497B-91FA-C9C2CE112AE7}.Debug|x86.ActiveCfg = Debug|Any CPU
		{138AB86E-2666-497B-91FA-C9C2CE112AE7}.Debug|x86.Build.0 = Debug|Any CPU
		{138AB86E-2666-497B-91FA-C9C2CE112AE7}.Release|Any CPU.ActiveCfg = Release|Any CPU
		{138AB86E-2666-497B-91FA-C9C2CE112AE7}.Release|Any CPU.Build.0 = Release|Any CPU
		{138AB86E-2666-497B-91FA-C9C2CE112AE7}.Release|ARM.ActiveCfg = Release|Any CPU
		{138AB86E-2666-497B-91FA-C9C2CE112AE7}.Release|ARM.Build.0 = Release|Any CPU
		{138AB86E-2666-497B-91FA-C9C2CE112AE7}.Release|iPhone.ActiveCfg = Release|Any CPU
		{138AB86E-2666-497B-91FA-C9C2CE112AE7}.Release|iPhone.Build.0 = Release|Any CPU
		{138AB86E-2666-497B-91FA-C9C2CE112AE7}.Release|iPhoneSimulator.ActiveCfg = Release|Any CPU
		{138AB86E-2666-497B-91FA-C9C2CE112AE7}.Release|iPhoneSimulator.Build.0 = Release|Any CPU
		{138AB86E-2666-497B-91FA-C9C2CE112AE7}.Release|x64.ActiveCfg = Release|Any CPU
		{138AB86E-2666-497B-91FA-C9C2CE112AE7}.Release|x64.Build.0 = Release|Any CPU
		{138AB86E-2666-497B-91FA-C9C2CE112AE7}.Release|x86.ActiveCfg = Release|Any CPU
		{138AB86E-2666-497B-91FA-C9C2CE112AE7}.Release|x86.Build.0 = Release|Any CPU
		{BE6B5DF7-9503-4F75-8866-C7421349FD2A}.Ad-Hoc|Any CPU.ActiveCfg = Debug|Any CPU
		{BE6B5DF7-9503-4F75-8866-C7421349FD2A}.Ad-Hoc|Any CPU.Build.0 = Debug|Any CPU
		{BE6B5DF7-9503-4F75-8866-C7421349FD2A}.Ad-Hoc|ARM.ActiveCfg = Debug|Any CPU
		{BE6B5DF7-9503-4F75-8866-C7421349FD2A}.Ad-Hoc|ARM.Build.0 = Debug|Any CPU
		{BE6B5DF7-9503-4F75-8866-C7421349FD2A}.Ad-Hoc|iPhone.ActiveCfg = Debug|Any CPU
		{BE6B5DF7-9503-4F75-8866-C7421349FD2A}.Ad-Hoc|iPhone.Build.0 = Debug|Any CPU
		{BE6B5DF7-9503-4F75-8866-C7421349FD2A}.Ad-Hoc|iPhoneSimulator.ActiveCfg = Debug|Any CPU
		{BE6B5DF7-9503-4F75-8866-C7421349FD2A}.Ad-Hoc|iPhoneSimulator.Build.0 = Debug|Any CPU
		{BE6B5DF7-9503-4F75-8866-C7421349FD2A}.Ad-Hoc|x64.ActiveCfg = Debug|Any CPU
		{BE6B5DF7-9503-4F75-8866-C7421349FD2A}.Ad-Hoc|x64.Build.0 = Debug|Any CPU
		{BE6B5DF7-9503-4F75-8866-C7421349FD2A}.Ad-Hoc|x86.ActiveCfg = Debug|Any CPU
		{BE6B5DF7-9503-4F75-8866-C7421349FD2A}.Ad-Hoc|x86.Build.0 = Debug|Any CPU
		{BE6B5DF7-9503-4F75-8866-C7421349FD2A}.AppStore|Any CPU.ActiveCfg = Debug|Any CPU
		{BE6B5DF7-9503-4F75-8866-C7421349FD2A}.AppStore|Any CPU.Build.0 = Debug|Any CPU
		{BE6B5DF7-9503-4F75-8866-C7421349FD2A}.AppStore|ARM.ActiveCfg = Debug|Any CPU
		{BE6B5DF7-9503-4F75-8866-C7421349FD2A}.AppStore|ARM.Build.0 = Debug|Any CPU
		{BE6B5DF7-9503-4F75-8866-C7421349FD2A}.AppStore|iPhone.ActiveCfg = Debug|Any CPU
		{BE6B5DF7-9503-4F75-8866-C7421349FD2A}.AppStore|iPhone.Build.0 = Debug|Any CPU
		{BE6B5DF7-9503-4F75-8866-C7421349FD2A}.AppStore|iPhoneSimulator.ActiveCfg = Debug|Any CPU
		{BE6B5DF7-9503-4F75-8866-C7421349FD2A}.AppStore|iPhoneSimulator.Build.0 = Debug|Any CPU
		{BE6B5DF7-9503-4F75-8866-C7421349FD2A}.AppStore|x64.ActiveCfg = Debug|Any CPU
		{BE6B5DF7-9503-4F75-8866-C7421349FD2A}.AppStore|x64.Build.0 = Debug|Any CPU
		{BE6B5DF7-9503-4F75-8866-C7421349FD2A}.AppStore|x86.ActiveCfg = Debug|Any CPU
		{BE6B5DF7-9503-4F75-8866-C7421349FD2A}.AppStore|x86.Build.0 = Debug|Any CPU
		{BE6B5DF7-9503-4F75-8866-C7421349FD2A}.Debug|Any CPU.ActiveCfg = Debug|Any CPU
		{BE6B5DF7-9503-4F75-8866-C7421349FD2A}.Debug|Any CPU.Build.0 = Debug|Any CPU
		{BE6B5DF7-9503-4F75-8866-C7421349FD2A}.Debug|ARM.ActiveCfg = Debug|Any CPU
		{BE6B5DF7-9503-4F75-8866-C7421349FD2A}.Debug|ARM.Build.0 = Debug|Any CPU
		{BE6B5DF7-9503-4F75-8866-C7421349FD2A}.Debug|iPhone.ActiveCfg = Debug|Any CPU
		{BE6B5DF7-9503-4F75-8866-C7421349FD2A}.Debug|iPhone.Build.0 = Debug|Any CPU
		{BE6B5DF7-9503-4F75-8866-C7421349FD2A}.Debug|iPhoneSimulator.ActiveCfg = Debug|Any CPU
		{BE6B5DF7-9503-4F75-8866-C7421349FD2A}.Debug|iPhoneSimulator.Build.0 = Debug|Any CPU
		{BE6B5DF7-9503-4F75-8866-C7421349FD2A}.Debug|x64.ActiveCfg = Debug|Any CPU
		{BE6B5DF7-9503-4F75-8866-C7421349FD2A}.Debug|x64.Build.0 = Debug|Any CPU
		{BE6B5DF7-9503-4F75-8866-C7421349FD2A}.Debug|x86.ActiveCfg = Debug|Any CPU
		{BE6B5DF7-9503-4F75-8866-C7421349FD2A}.Debug|x86.Build.0 = Debug|Any CPU
		{BE6B5DF7-9503-4F75-8866-C7421349FD2A}.Release|Any CPU.ActiveCfg = Release|Any CPU
		{BE6B5DF7-9503-4F75-8866-C7421349FD2A}.Release|Any CPU.Build.0 = Release|Any CPU
		{BE6B5DF7-9503-4F75-8866-C7421349FD2A}.Release|ARM.ActiveCfg = Release|Any CPU
		{BE6B5DF7-9503-4F75-8866-C7421349FD2A}.Release|ARM.Build.0 = Release|Any CPU
		{BE6B5DF7-9503-4F75-8866-C7421349FD2A}.Release|iPhone.ActiveCfg = Release|Any CPU
		{BE6B5DF7-9503-4F75-8866-C7421349FD2A}.Release|iPhone.Build.0 = Release|Any CPU
		{BE6B5DF7-9503-4F75-8866-C7421349FD2A}.Release|iPhoneSimulator.ActiveCfg = Release|Any CPU
		{BE6B5DF7-9503-4F75-8866-C7421349FD2A}.Release|iPhoneSimulator.Build.0 = Release|Any CPU
		{BE6B5DF7-9503-4F75-8866-C7421349FD2A}.Release|x64.ActiveCfg = Release|Any CPU
		{BE6B5DF7-9503-4F75-8866-C7421349FD2A}.Release|x64.Build.0 = Release|Any CPU
		{BE6B5DF7-9503-4F75-8866-C7421349FD2A}.Release|x86.ActiveCfg = Release|Any CPU
		{BE6B5DF7-9503-4F75-8866-C7421349FD2A}.Release|x86.Build.0 = Release|Any CPU
		{7E1B544C-FBED-45B9-A0DE-750675A8D087}.Ad-Hoc|Any CPU.ActiveCfg = Debug|Any CPU
		{7E1B544C-FBED-45B9-A0DE-750675A8D087}.Ad-Hoc|Any CPU.Build.0 = Debug|Any CPU
		{7E1B544C-FBED-45B9-A0DE-750675A8D087}.Ad-Hoc|ARM.ActiveCfg = Debug|Any CPU
		{7E1B544C-FBED-45B9-A0DE-750675A8D087}.Ad-Hoc|ARM.Build.0 = Debug|Any CPU
		{7E1B544C-FBED-45B9-A0DE-750675A8D087}.Ad-Hoc|iPhone.ActiveCfg = Debug|Any CPU
		{7E1B544C-FBED-45B9-A0DE-750675A8D087}.Ad-Hoc|iPhone.Build.0 = Debug|Any CPU
		{7E1B544C-FBED-45B9-A0DE-750675A8D087}.Ad-Hoc|iPhoneSimulator.ActiveCfg = Debug|Any CPU
		{7E1B544C-FBED-45B9-A0DE-750675A8D087}.Ad-Hoc|iPhoneSimulator.Build.0 = Debug|Any CPU
		{7E1B544C-FBED-45B9-A0DE-750675A8D087}.Ad-Hoc|x64.ActiveCfg = Debug|Any CPU
		{7E1B544C-FBED-45B9-A0DE-750675A8D087}.Ad-Hoc|x64.Build.0 = Debug|Any CPU
		{7E1B544C-FBED-45B9-A0DE-750675A8D087}.Ad-Hoc|x86.ActiveCfg = Debug|Any CPU
		{7E1B544C-FBED-45B9-A0DE-750675A8D087}.Ad-Hoc|x86.Build.0 = Debug|Any CPU
		{7E1B544C-FBED-45B9-A0DE-750675A8D087}.AppStore|Any CPU.ActiveCfg = Debug|Any CPU
		{7E1B544C-FBED-45B9-A0DE-750675A8D087}.AppStore|Any CPU.Build.0 = Debug|Any CPU
		{7E1B544C-FBED-45B9-A0DE-750675A8D087}.AppStore|ARM.ActiveCfg = Debug|Any CPU
		{7E1B544C-FBED-45B9-A0DE-750675A8D087}.AppStore|ARM.Build.0 = Debug|Any CPU
		{7E1B544C-FBED-45B9-A0DE-750675A8D087}.AppStore|iPhone.ActiveCfg = Debug|Any CPU
		{7E1B544C-FBED-45B9-A0DE-750675A8D087}.AppStore|iPhone.Build.0 = Debug|Any CPU
		{7E1B544C-FBED-45B9-A0DE-750675A8D087}.AppStore|iPhoneSimulator.ActiveCfg = Debug|Any CPU
		{7E1B544C-FBED-45B9-A0DE-750675A8D087}.AppStore|iPhoneSimulator.Build.0 = Debug|Any CPU
		{7E1B544C-FBED-45B9-A0DE-750675A8D087}.AppStore|x64.ActiveCfg = Debug|Any CPU
		{7E1B544C-FBED-45B9-A0DE-750675A8D087}.AppStore|x64.Build.0 = Debug|Any CPU
		{7E1B544C-FBED-45B9-A0DE-750675A8D087}.AppStore|x86.ActiveCfg = Debug|Any CPU
		{7E1B544C-FBED-45B9-A0DE-750675A8D087}.AppStore|x86.Build.0 = Debug|Any CPU
		{7E1B544C-FBED-45B9-A0DE-750675A8D087}.Debug|Any CPU.ActiveCfg = Debug|Any CPU
		{7E1B544C-FBED-45B9-A0DE-750675A8D087}.Debug|Any CPU.Build.0 = Debug|Any CPU
		{7E1B544C-FBED-45B9-A0DE-750675A8D087}.Debug|ARM.ActiveCfg = Debug|Any CPU
		{7E1B544C-FBED-45B9-A0DE-750675A8D087}.Debug|ARM.Build.0 = Debug|Any CPU
		{7E1B544C-FBED-45B9-A0DE-750675A8D087}.Debug|iPhone.ActiveCfg = Debug|Any CPU
		{7E1B544C-FBED-45B9-A0DE-750675A8D087}.Debug|iPhone.Build.0 = Debug|Any CPU
		{7E1B544C-FBED-45B9-A0DE-750675A8D087}.Debug|iPhoneSimulator.ActiveCfg = Debug|Any CPU
		{7E1B544C-FBED-45B9-A0DE-750675A8D087}.Debug|iPhoneSimulator.Build.0 = Debug|Any CPU
		{7E1B544C-FBED-45B9-A0DE-750675A8D087}.Debug|x64.ActiveCfg = Debug|Any CPU
		{7E1B544C-FBED-45B9-A0DE-750675A8D087}.Debug|x64.Build.0 = Debug|Any CPU
		{7E1B544C-FBED-45B9-A0DE-750675A8D087}.Debug|x86.ActiveCfg = Debug|Any CPU
		{7E1B544C-FBED-45B9-A0DE-750675A8D087}.Debug|x86.Build.0 = Debug|Any CPU
		{7E1B544C-FBED-45B9-A0DE-750675A8D087}.Release|Any CPU.ActiveCfg = Release|Any CPU
		{7E1B544C-FBED-45B9-A0DE-750675A8D087}.Release|Any CPU.Build.0 = Release|Any CPU
		{7E1B544C-FBED-45B9-A0DE-750675A8D087}.Release|ARM.ActiveCfg = Release|Any CPU
		{7E1B544C-FBED-45B9-A0DE-750675A8D087}.Release|ARM.Build.0 = Release|Any CPU
		{7E1B544C-FBED-45B9-A0DE-750675A8D087}.Release|iPhone.ActiveCfg = Release|Any CPU
		{7E1B544C-FBED-45B9-A0DE-750675A8D087}.Release|iPhone.Build.0 = Release|Any CPU
		{7E1B544C-FBED-45B9-A0DE-750675A8D087}.Release|iPhoneSimulator.ActiveCfg = Release|Any CPU
		{7E1B544C-FBED-45B9-A0DE-750675A8D087}.Release|iPhoneSimulator.Build.0 = Release|Any CPU
		{7E1B544C-FBED-45B9-A0DE-750675A8D087}.Release|x64.ActiveCfg = Release|Any CPU
		{7E1B544C-FBED-45B9-A0DE-750675A8D087}.Release|x64.Build.0 = Release|Any CPU
		{7E1B544C-FBED-45B9-A0DE-750675A8D087}.Release|x86.ActiveCfg = Release|Any CPU
		{7E1B544C-FBED-45B9-A0DE-750675A8D087}.Release|x86.Build.0 = Release|Any CPU
		{8D76873A-5F0F-4DAF-92DE-830C6C83D4EB}.Ad-Hoc|Any CPU.ActiveCfg = Debug|Any CPU
		{8D76873A-5F0F-4DAF-92DE-830C6C83D4EB}.Ad-Hoc|Any CPU.Build.0 = Debug|Any CPU
		{8D76873A-5F0F-4DAF-92DE-830C6C83D4EB}.Ad-Hoc|ARM.ActiveCfg = Debug|Any CPU
		{8D76873A-5F0F-4DAF-92DE-830C6C83D4EB}.Ad-Hoc|ARM.Build.0 = Debug|Any CPU
		{8D76873A-5F0F-4DAF-92DE-830C6C83D4EB}.Ad-Hoc|iPhone.ActiveCfg = Debug|Any CPU
		{8D76873A-5F0F-4DAF-92DE-830C6C83D4EB}.Ad-Hoc|iPhone.Build.0 = Debug|Any CPU
		{8D76873A-5F0F-4DAF-92DE-830C6C83D4EB}.Ad-Hoc|iPhoneSimulator.ActiveCfg = Debug|Any CPU
		{8D76873A-5F0F-4DAF-92DE-830C6C83D4EB}.Ad-Hoc|iPhoneSimulator.Build.0 = Debug|Any CPU
		{8D76873A-5F0F-4DAF-92DE-830C6C83D4EB}.Ad-Hoc|x64.ActiveCfg = Debug|Any CPU
		{8D76873A-5F0F-4DAF-92DE-830C6C83D4EB}.Ad-Hoc|x64.Build.0 = Debug|Any CPU
		{8D76873A-5F0F-4DAF-92DE-830C6C83D4EB}.Ad-Hoc|x86.ActiveCfg = Debug|Any CPU
		{8D76873A-5F0F-4DAF-92DE-830C6C83D4EB}.Ad-Hoc|x86.Build.0 = Debug|Any CPU
		{8D76873A-5F0F-4DAF-92DE-830C6C83D4EB}.AppStore|Any CPU.ActiveCfg = Debug|Any CPU
		{8D76873A-5F0F-4DAF-92DE-830C6C83D4EB}.AppStore|Any CPU.Build.0 = Debug|Any CPU
		{8D76873A-5F0F-4DAF-92DE-830C6C83D4EB}.AppStore|ARM.ActiveCfg = Debug|Any CPU
		{8D76873A-5F0F-4DAF-92DE-830C6C83D4EB}.AppStore|ARM.Build.0 = Debug|Any CPU
		{8D76873A-5F0F-4DAF-92DE-830C6C83D4EB}.AppStore|iPhone.ActiveCfg = Debug|Any CPU
		{8D76873A-5F0F-4DAF-92DE-830C6C83D4EB}.AppStore|iPhone.Build.0 = Debug|Any CPU
		{8D76873A-5F0F-4DAF-92DE-830C6C83D4EB}.AppStore|iPhoneSimulator.ActiveCfg = Debug|Any CPU
		{8D76873A-5F0F-4DAF-92DE-830C6C83D4EB}.AppStore|iPhoneSimulator.Build.0 = Debug|Any CPU
		{8D76873A-5F0F-4DAF-92DE-830C6C83D4EB}.AppStore|x64.ActiveCfg = Debug|Any CPU
		{8D76873A-5F0F-4DAF-92DE-830C6C83D4EB}.AppStore|x64.Build.0 = Debug|Any CPU
		{8D76873A-5F0F-4DAF-92DE-830C6C83D4EB}.AppStore|x86.ActiveCfg = Debug|Any CPU
		{8D76873A-5F0F-4DAF-92DE-830C6C83D4EB}.AppStore|x86.Build.0 = Debug|Any CPU
		{8D76873A-5F0F-4DAF-92DE-830C6C83D4EB}.Debug|Any CPU.ActiveCfg = Debug|Any CPU
		{8D76873A-5F0F-4DAF-92DE-830C6C83D4EB}.Debug|Any CPU.Build.0 = Debug|Any CPU
		{8D76873A-5F0F-4DAF-92DE-830C6C83D4EB}.Debug|ARM.ActiveCfg = Debug|Any CPU
		{8D76873A-5F0F-4DAF-92DE-830C6C83D4EB}.Debug|ARM.Build.0 = Debug|Any CPU
		{8D76873A-5F0F-4DAF-92DE-830C6C83D4EB}.Debug|iPhone.ActiveCfg = Debug|Any CPU
		{8D76873A-5F0F-4DAF-92DE-830C6C83D4EB}.Debug|iPhone.Build.0 = Debug|Any CPU
		{8D76873A-5F0F-4DAF-92DE-830C6C83D4EB}.Debug|iPhoneSimulator.ActiveCfg = Debug|Any CPU
		{8D76873A-5F0F-4DAF-92DE-830C6C83D4EB}.Debug|iPhoneSimulator.Build.0 = Debug|Any CPU
		{8D76873A-5F0F-4DAF-92DE-830C6C83D4EB}.Debug|x64.ActiveCfg = Debug|Any CPU
		{8D76873A-5F0F-4DAF-92DE-830C6C83D4EB}.Debug|x64.Build.0 = Debug|Any CPU
		{8D76873A-5F0F-4DAF-92DE-830C6C83D4EB}.Debug|x86.ActiveCfg = Debug|Any CPU
		{8D76873A-5F0F-4DAF-92DE-830C6C83D4EB}.Debug|x86.Build.0 = Debug|Any CPU
		{8D76873A-5F0F-4DAF-92DE-830C6C83D4EB}.Release|Any CPU.ActiveCfg = Release|Any CPU
		{8D76873A-5F0F-4DAF-92DE-830C6C83D4EB}.Release|Any CPU.Build.0 = Release|Any CPU
		{8D76873A-5F0F-4DAF-92DE-830C6C83D4EB}.Release|ARM.ActiveCfg = Release|Any CPU
		{8D76873A-5F0F-4DAF-92DE-830C6C83D4EB}.Release|ARM.Build.0 = Release|Any CPU
		{8D76873A-5F0F-4DAF-92DE-830C6C83D4EB}.Release|iPhone.ActiveCfg = Release|Any CPU
		{8D76873A-5F0F-4DAF-92DE-830C6C83D4EB}.Release|iPhone.Build.0 = Release|Any CPU
		{8D76873A-5F0F-4DAF-92DE-830C6C83D4EB}.Release|iPhoneSimulator.ActiveCfg = Release|Any CPU
		{8D76873A-5F0F-4DAF-92DE-830C6C83D4EB}.Release|iPhoneSimulator.Build.0 = Release|Any CPU
		{8D76873A-5F0F-4DAF-92DE-830C6C83D4EB}.Release|x64.ActiveCfg = Release|Any CPU
		{8D76873A-5F0F-4DAF-92DE-830C6C83D4EB}.Release|x64.Build.0 = Release|Any CPU
		{8D76873A-5F0F-4DAF-92DE-830C6C83D4EB}.Release|x86.ActiveCfg = Release|Any CPU
		{8D76873A-5F0F-4DAF-92DE-830C6C83D4EB}.Release|x86.Build.0 = Release|Any CPU
		{60687644-F4E6-4978-A9A4-56F99E604565}.Ad-Hoc|Any CPU.ActiveCfg = Release|Win32
		{60687644-F4E6-4978-A9A4-56F99E604565}.Ad-Hoc|Any CPU.Build.0 = Release|Win32
		{60687644-F4E6-4978-A9A4-56F99E604565}.Ad-Hoc|ARM.ActiveCfg = Release|Win32
		{60687644-F4E6-4978-A9A4-56F99E604565}.Ad-Hoc|ARM.Build.0 = Release|Win32
		{60687644-F4E6-4978-A9A4-56F99E604565}.Ad-Hoc|iPhone.ActiveCfg = Release|Win32
		{60687644-F4E6-4978-A9A4-56F99E604565}.Ad-Hoc|iPhone.Build.0 = Release|Win32
		{60687644-F4E6-4978-A9A4-56F99E604565}.Ad-Hoc|iPhoneSimulator.ActiveCfg = Release|Win32
		{60687644-F4E6-4978-A9A4-56F99E604565}.Ad-Hoc|iPhoneSimulator.Build.0 = Release|Win32
		{60687644-F4E6-4978-A9A4-56F99E604565}.Ad-Hoc|x64.ActiveCfg = Release|Win32
		{60687644-F4E6-4978-A9A4-56F99E604565}.Ad-Hoc|x64.Build.0 = Release|Win32
		{60687644-F4E6-4978-A9A4-56F99E604565}.Ad-Hoc|x86.ActiveCfg = Release|Win32
		{60687644-F4E6-4978-A9A4-56F99E604565}.Ad-Hoc|x86.Build.0 = Release|Win32
		{60687644-F4E6-4978-A9A4-56F99E604565}.AppStore|Any CPU.ActiveCfg = Release|Win32
		{60687644-F4E6-4978-A9A4-56F99E604565}.AppStore|Any CPU.Build.0 = Release|Win32
		{60687644-F4E6-4978-A9A4-56F99E604565}.AppStore|ARM.ActiveCfg = Release|Win32
		{60687644-F4E6-4978-A9A4-56F99E604565}.AppStore|ARM.Build.0 = Release|Win32
		{60687644-F4E6-4978-A9A4-56F99E604565}.AppStore|iPhone.ActiveCfg = Release|Win32
		{60687644-F4E6-4978-A9A4-56F99E604565}.AppStore|iPhone.Build.0 = Release|Win32
		{60687644-F4E6-4978-A9A4-56F99E604565}.AppStore|iPhoneSimulator.ActiveCfg = Release|Win32
		{60687644-F4E6-4978-A9A4-56F99E604565}.AppStore|iPhoneSimulator.Build.0 = Release|Win32
		{60687644-F4E6-4978-A9A4-56F99E604565}.AppStore|x64.ActiveCfg = Release|Win32
		{60687644-F4E6-4978-A9A4-56F99E604565}.AppStore|x64.Build.0 = Release|Win32
		{60687644-F4E6-4978-A9A4-56F99E604565}.AppStore|x86.ActiveCfg = Release|Win32
		{60687644-F4E6-4978-A9A4-56F99E604565}.AppStore|x86.Build.0 = Release|Win32
		{60687644-F4E6-4978-A9A4-56F99E604565}.Debug|Any CPU.ActiveCfg = Debug|Win32
		{60687644-F4E6-4978-A9A4-56F99E604565}.Debug|ARM.ActiveCfg = Debug|Win32
		{60687644-F4E6-4978-A9A4-56F99E604565}.Debug|iPhone.ActiveCfg = Debug|Win32
		{60687644-F4E6-4978-A9A4-56F99E604565}.Debug|iPhoneSimulator.ActiveCfg = Debug|Win32
		{60687644-F4E6-4978-A9A4-56F99E604565}.Debug|x64.ActiveCfg = Debug|Win32
		{60687644-F4E6-4978-A9A4-56F99E604565}.Debug|x86.ActiveCfg = Debug|Win32
		{60687644-F4E6-4978-A9A4-56F99E604565}.Debug|x86.Build.0 = Debug|Win32
		{60687644-F4E6-4978-A9A4-56F99E604565}.Release|Any CPU.ActiveCfg = Release|Win32
		{60687644-F4E6-4978-A9A4-56F99E604565}.Release|ARM.ActiveCfg = Release|Win32
		{60687644-F4E6-4978-A9A4-56F99E604565}.Release|iPhone.ActiveCfg = Release|Win32
		{60687644-F4E6-4978-A9A4-56F99E604565}.Release|iPhoneSimulator.ActiveCfg = Release|Win32
		{60687644-F4E6-4978-A9A4-56F99E604565}.Release|x64.ActiveCfg = Release|Win32
		{60687644-F4E6-4978-A9A4-56F99E604565}.Release|x86.ActiveCfg = Release|Win32
		{60687644-F4E6-4978-A9A4-56F99E604565}.Release|x86.Build.0 = Release|Win32
	EndGlobalSection
	GlobalSection(SolutionProperties) = preSolution
		HideSolutionNode = FALSE
	EndGlobalSection
	GlobalSection(NestedProjects) = preSolution
		{60C39919-55CE-4BF9-A909-D0E9CA9A918B} = {9006CC91-B390-496F-9078-48052CC3CB17}
		{2C0442F4-B162-48E0-9FCA-315EC36D8FCA} = {9006CC91-B390-496F-9078-48052CC3CB17}
		{F82A7125-46C4-424F-B663-24C1F81673F0} = {C2BC2918-46C2-4B4B-8A93-6BC352256F23}
		{E79186E6-2299-4C20-8A35-9D6F0FDE387A} = {C2BC2918-46C2-4B4B-8A93-6BC352256F23}
		{FF68E128-16C2-46A4-B940-C8A0D1DA9523} = {C2BC2918-46C2-4B4B-8A93-6BC352256F23}
		{22512F0E-E35A-4779-8395-30FA4F7498F0} = {9006CC91-B390-496F-9078-48052CC3CB17}
		{BE0B5E09-1C59-49F6-9456-64BAB3E6E39F} = {9006CC91-B390-496F-9078-48052CC3CB17}
		{C5F80730-F44F-4478-BDAE-6634EFC2CA88} = {641FB581-B0FC-4E59-983E-C81609D4EF08}
		{F165628D-8235-4EA9-B04F-98C81C539B9D} = {641FB581-B0FC-4E59-983E-C81609D4EF08}
		{21FAF441-7A02-440A-A8B6-771812A0EF8C} = {641FB581-B0FC-4E59-983E-C81609D4EF08}
		{B8AEF4E0-89C5-4CC5-A9FF-24219FD3031E} = {641FB581-B0FC-4E59-983E-C81609D4EF08}
		{138AB86E-2666-497B-91FA-C9C2CE112AE7} = {641FB581-B0FC-4E59-983E-C81609D4EF08}
		{BE6B5DF7-9503-4F75-8866-C7421349FD2A} = {2BE89081-EBFF-44D0-B7F8-274CB4888780}
		{8D76873A-5F0F-4DAF-92DE-830C6C83D4EB} = {3BDDCAEE-36E0-479B-AB00-DC71ED4033C5}
		{60687644-F4E6-4978-A9A4-56F99E604565} = {641FB581-B0FC-4E59-983E-C81609D4EF08}
	EndGlobalSection
	GlobalSection(ExtensibilityGlobals) = postSolution
		SolutionGuid = {4A737766-3F21-4183-ADF7-289A0652D56E}
	EndGlobalSection
EndGlobal
