
Microsoft Visual Studio Solution File, Format Version 12.00
# Visual Studio Version 17
VisualStudioVersion = 17.1.32328.378
MinimumVisualStudioVersion = 10.0.40219.1
Project("{8BC9CEB8-8B4A-11D0-8D11-00A0C91BC942}") = "LEDController", "LEDController\LEDController.vcxproj", "{C5F80730-F44F-4478-BDAE-6634EFC2CA88}"
EndProject
Project("{FAE04EC0-301F-11D3-BF4B-00C04F79EFBC}") = "HomeLedApp.Android", "HomeLedApp.Android\HomeLedApp.Android.csproj", "{F165628D-8235-4EA9-B04F-98C81C539B9D}"
EndProject
Project("{FAE04EC0-301F-11D3-BF4B-00C04F79EFBC}") = "HomeLedApp.iOS", "HomeLedApp.iOS\HomeLedApp.iOS.csproj", "{21FAF441-7A02-440A-A8B6-771812A0EF8C}"
EndProject
Project("{FAE04EC0-301F-11D3-BF4B-00C04F79EFBC}") = "HomeLedApp.UWP", "HomeLedApp.UWP\HomeLedApp.UWP.csproj", "{B8AEF4E0-89C5-4CC5-A9FF-24219FD3031E}"
EndProject
Project("{9A19103F-16F7-4668-BE54-9A1E7A4F7556}") = "HomeLedApp", "HomeLedApp\HomeLedApp.csproj", "{138AB86E-2666-497B-91FA-C9C2CE112AE7}"
EndProject
Project("{FAE04EC0-301F-11D3-BF4B-00C04F79EFBC}") = "ImperialLED-Webassembly", "ImperialLED-Webassembly\ImperialLED-Webassembly.csproj", "{96614323-640F-471A-A288-2B5C269CD9CB}"
EndProject
Global
	GlobalSection(SolutionConfigurationPlatforms) = preSolution
		Ad-Hoc|Any CPU = Ad-Hoc|Any CPU
		Ad-Hoc|ARM = Ad-Hoc|ARM
		Ad-Hoc|iPhone = Ad-Hoc|iPhone
		Ad-Hoc|iPhoneSimulator = Ad-Hoc|iPhoneSimulator
		Ad-Hoc|x64 = Ad-Hoc|x64
		Ad-Hoc|x86 = Ad-Hoc|x86
		AppStore|Any CPU = AppStore|Any CPU
		AppStore|ARM = AppStore|ARM
		AppStore|iPhone = AppStore|iPhone
		AppStore|iPhoneSimulator = AppStore|iPhoneSimulator
		AppStore|x64 = AppStore|x64
		AppStore|x86 = AppStore|x86
		Debug|Any CPU = Debug|Any CPU
		Debug|ARM = Debug|ARM
		Debug|iPhone = Debug|iPhone
		Debug|iPhoneSimulator = Debug|iPhoneSimulator
		Debug|x64 = Debug|x64
		Debug|x86 = Debug|x86
		Release|Any CPU = Release|Any CPU
		Release|ARM = Release|ARM
		Release|iPhone = Release|iPhone
		Release|iPhoneSimulator = Release|iPhoneSimulator
		Release|x64 = Release|x64
		Release|x86 = Release|x86
	EndGlobalSection
	GlobalSection(ProjectConfigurationPlatforms) = postSolution
		{C5F80730-F44F-4478-BDAE-6634EFC2CA88}.Ad-Hoc|Any CPU.ActiveCfg = Release|Win32
		{C5F80730-F44F-4478-BDAE-6634EFC2CA88}.Ad-Hoc|Any CPU.Build.0 = Release|Win32
		{C5F80730-F44F-4478-BDAE-6634EFC2CA88}.Ad-Hoc|ARM.ActiveCfg = Release|Win32
		{C5F80730-F44F-4478-BDAE-6634EFC2CA88}.Ad-Hoc|ARM.Build.0 = Release|Win32
		{C5F80730-F44F-4478-BDAE-6634EFC2CA88}.Ad-Hoc|iPhone.ActiveCfg = Release|Win32
		{C5F80730-F44F-4478-BDAE-6634EFC2CA88}.Ad-Hoc|iPhone.Build.0 = Release|Win32
		{C5F80730-F44F-4478-BDAE-6634EFC2CA88}.Ad-Hoc|iPhoneSimulator.ActiveCfg = Release|Win32
		{C5F80730-F44F-4478-BDAE-6634EFC2CA88}.Ad-Hoc|iPhoneSimulator.Build.0 = Release|Win32
		{C5F80730-F44F-4478-BDAE-6634EFC2CA88}.Ad-Hoc|x64.ActiveCfg = Release|Win32
		{C5F80730-F44F-4478-BDAE-6634EFC2CA88}.Ad-Hoc|x64.Build.0 = Release|Win32
		{C5F80730-F44F-4478-BDAE-6634EFC2CA88}.Ad-Hoc|x86.ActiveCfg = Release|Win32
		{C5F80730-F44F-4478-BDAE-6634EFC2CA88}.Ad-Hoc|x86.Build.0 = Release|Win32
		{C5F80730-F44F-4478-BDAE-6634EFC2CA88}.AppStore|Any CPU.ActiveCfg = Release|Win32
		{C5F80730-F44F-4478-BDAE-6634EFC2CA88}.AppStore|Any CPU.Build.0 = Release|Win32
		{C5F80730-F44F-4478-BDAE-6634EFC2CA88}.AppStore|ARM.ActiveCfg = Release|Win32
		{C5F80730-F44F-4478-BDAE-6634EFC2CA88}.AppStore|ARM.Build.0 = Release|Win32
		{C5F80730-F44F-4478-BDAE-6634EFC2CA88}.AppStore|iPhone.ActiveCfg = Release|Win32
		{C5F80730-F44F-4478-BDAE-6634EFC2CA88}.AppStore|iPhone.Build.0 = Release|Win32
		{C5F80730-F44F-4478-BDAE-6634EFC2CA88}.AppStore|iPhoneSimulator.ActiveCfg = Release|Win32
		{C5F80730-F44F-4478-BDAE-6634EFC2CA88}.AppStore|iPhoneSimulator.Build.0 = Release|Win32
		{C5F80730-F44F-4478-BDAE-6634EFC2CA88}.AppStore|x64.ActiveCfg = Release|Win32
		{C5F80730-F44F-4478-BDAE-6634EFC2CA88}.AppStore|x64.Build.0 = Release|Win32
		{C5F80730-F44F-4478-BDAE-6634EFC2CA88}.AppStore|x86.ActiveCfg = Release|Win32
		{C5F80730-F44F-4478-BDAE-6634EFC2CA88}.AppStore|x86.Build.0 = Release|Win32
		{C5F80730-F44F-4478-BDAE-6634EFC2CA88}.Debug|Any CPU.ActiveCfg = Debug|Win32
		{C5F80730-F44F-4478-BDAE-6634EFC2CA88}.Debug|Any CPU.Build.0 = Debug|Win32
		{C5F80730-F44F-4478-BDAE-6634EFC2CA88}.Debug|ARM.ActiveCfg = Debug|Win32
		{C5F80730-F44F-4478-BDAE-6634EFC2CA88}.Debug|iPhone.ActiveCfg = Debug|Win32
		{C5F80730-F44F-4478-BDAE-6634EFC2CA88}.Debug|iPhoneSimulator.ActiveCfg = Debug|Win32
		{C5F80730-F44F-4478-BDAE-6634EFC2CA88}.Debug|x64.ActiveCfg = Debug|Win32
		{C5F80730-F44F-4478-BDAE-6634EFC2CA88}.Debug|x86.ActiveCfg = Debug|Win32
		{C5F80730-F44F-4478-BDAE-6634EFC2CA88}.Debug|x86.Build.0 = Debug|Win32
		{C5F80730-F44F-4478-BDAE-6634EFC2CA88}.Release|Any CPU.ActiveCfg = Release|Win32
		{C5F80730-F44F-4478-BDAE-6634EFC2CA88}.Release|ARM.ActiveCfg = Release|Win32
		{C5F80730-F44F-4478-BDAE-6634EFC2CA88}.Release|iPhone.ActiveCfg = Release|Win32
		{C5F80730-F44F-4478-BDAE-6634EFC2CA88}.Release|iPhoneSimulator.ActiveCfg = Release|Win32
		{C5F80730-F44F-4478-BDAE-6634EFC2CA88}.Release|x64.ActiveCfg = Release|Win32
		{C5F80730-F44F-4478-BDAE-6634EFC2CA88}.Release|x86.ActiveCfg = Release|Win32
		{C5F80730-F44F-4478-BDAE-6634EFC2CA88}.Release|x86.Build.0 = Release|Win32
		{F165628D-8235-4EA9-B04F-98C81C539B9D}.Ad-Hoc|Any CPU.ActiveCfg = Release|Any CPU
		{F165628D-8235-4EA9-B04F-98C81C539B9D}.Ad-Hoc|Any CPU.Build.0 = Release|Any CPU
		{F165628D-8235-4EA9-B04F-98C81C539B9D}.Ad-Hoc|Any CPU.Deploy.0 = Release|Any CPU
		{F165628D-8235-4EA9-B04F-98C81C539B9D}.Ad-Hoc|ARM.ActiveCfg = Release|Any CPU
		{F165628D-8235-4EA9-B04F-98C81C539B9D}.Ad-Hoc|ARM.Build.0 = Release|Any CPU
		{F165628D-8235-4EA9-B04F-98C81C539B9D}.Ad-Hoc|ARM.Deploy.0 = Release|Any CPU
		{F165628D-8235-4EA9-B04F-98C81C539B9D}.Ad-Hoc|iPhone.ActiveCfg = Release|Any CPU
		{F165628D-8235-4EA9-B04F-98C81C539B9D}.Ad-Hoc|iPhone.Build.0 = Release|Any CPU
		{F165628D-8235-4EA9-B04F-98C81C539B9D}.Ad-Hoc|iPhone.Deploy.0 = Release|Any CPU
		{F165628D-8235-4EA9-B04F-98C81C539B9D}.Ad-Hoc|iPhoneSimulator.ActiveCfg = Release|Any CPU
		{F165628D-8235-4EA9-B04F-98C81C539B9D}.Ad-Hoc|iPhoneSimulator.Build.0 = Release|Any CPU
		{F165628D-8235-4EA9-B04F-98C81C539B9D}.Ad-Hoc|iPhoneSimulator.Deploy.0 = Release|Any CPU
		{F165628D-8235-4EA9-B04F-98C81C539B9D}.Ad-Hoc|x64.ActiveCfg = Release|Any CPU
		{F165628D-8235-4EA9-B04F-98C81C539B9D}.Ad-Hoc|x64.Build.0 = Release|Any CPU
		{F165628D-8235-4EA9-B04F-98C81C539B9D}.Ad-Hoc|x64.Deploy.0 = Release|Any CPU
		{F165628D-8235-4EA9-B04F-98C81C539B9D}.Ad-Hoc|x86.ActiveCfg = Release|Any CPU
		{F165628D-8235-4EA9-B04F-98C81C539B9D}.Ad-Hoc|x86.Build.0 = Release|Any CPU
		{F165628D-8235-4EA9-B04F-98C81C539B9D}.Ad-Hoc|x86.Deploy.0 = Release|Any CPU
		{F165628D-8235-4EA9-B04F-98C81C539B9D}.AppStore|Any CPU.ActiveCfg = Release|Any CPU
		{F165628D-8235-4EA9-B04F-98C81C539B9D}.AppStore|Any CPU.Build.0 = Release|Any CPU
		{F165628D-8235-4EA9-B04F-98C81C539B9D}.AppStore|Any CPU.Deploy.0 = Release|Any CPU
		{F165628D-8235-4EA9-B04F-98C81C539B9D}.AppStore|ARM.ActiveCfg = Release|Any CPU
		{F165628D-8235-4EA9-B04F-98C81C539B9D}.AppStore|ARM.Build.0 = Release|Any CPU
		{F165628D-8235-4EA9-B04F-98C81C539B9D}.AppStore|ARM.Deploy.0 = Release|Any CPU
		{F165628D-8235-4EA9-B04F-98C81C539B9D}.AppStore|iPhone.ActiveCfg = Release|Any CPU
		{F165628D-8235-4EA9-B04F-98C81C539B9D}.AppStore|iPhone.Build.0 = Release|Any CPU
		{F165628D-8235-4EA9-B04F-98C81C539B9D}.AppStore|iPhone.Deploy.0 = Release|Any CPU
		{F165628D-8235-4EA9-B04F-98C81C539B9D}.AppStore|iPhoneSimulator.ActiveCfg = Release|Any CPU
		{F165628D-8235-4EA9-B04F-98C81C539B9D}.AppStore|iPhoneSimulator.Build.0 = Release|Any CPU
		{F165628D-8235-4EA9-B04F-98C81C539B9D}.AppStore|iPhoneSimulator.Deploy.0 = Release|Any CPU
		{F165628D-8235-4EA9-B04F-98C81C539B9D}.AppStore|x64.ActiveCfg = Release|Any CPU
		{F165628D-8235-4EA9-B04F-98C81C539B9D}.AppStore|x64.Build.0 = Release|Any CPU
		{F165628D-8235-4EA9-B04F-98C81C539B9D}.AppStore|x64.Deploy.0 = Release|Any CPU
		{F165628D-8235-4EA9-B04F-98C81C539B9D}.AppStore|x86.ActiveCfg = Release|Any CPU
		{F165628D-8235-4EA9-B04F-98C81C539B9D}.AppStore|x86.Build.0 = Release|Any CPU
		{F165628D-8235-4EA9-B04F-98C81C539B9D}.AppStore|x86.Deploy.0 = Release|Any CPU
		{F165628D-8235-4EA9-B04F-98C81C539B9D}.Debug|Any CPU.ActiveCfg = Debug|Any CPU
		{F165628D-8235-4EA9-B04F-98C81C539B9D}.Debug|Any CPU.Build.0 = Debug|Any CPU
		{F165628D-8235-4EA9-B04F-98C81C539B9D}.Debug|Any CPU.Deploy.0 = Debug|Any CPU
		{F165628D-8235-4EA9-B04F-98C81C539B9D}.Debug|ARM.ActiveCfg = Debug|Any CPU
		{F165628D-8235-4EA9-B04F-98C81C539B9D}.Debug|ARM.Build.0 = Debug|Any CPU
		{F165628D-8235-4EA9-B04F-98C81C539B9D}.Debug|ARM.Deploy.0 = Debug|Any CPU
		{F165628D-8235-4EA9-B04F-98C81C539B9D}.Debug|iPhone.ActiveCfg = Debug|Any CPU
		{F165628D-8235-4EA9-B04F-98C81C539B9D}.Debug|iPhone.Build.0 = Debug|Any CPU
		{F165628D-8235-4EA9-B04F-98C81C539B9D}.Debug|iPhone.Deploy.0 = Debug|Any CPU
		{F165628D-8235-4EA9-B04F-98C81C539B9D}.Debug|iPhoneSimulator.ActiveCfg = Debug|Any CPU
		{F165628D-8235-4EA9-B04F-98C81C539B9D}.Debug|iPhoneSimulator.Build.0 = Debug|Any CPU
		{F165628D-8235-4EA9-B04F-98C81C539B9D}.Debug|iPhoneSimulator.Deploy.0 = Debug|Any CPU
		{F165628D-8235-4EA9-B04F-98C81C539B9D}.Debug|x64.ActiveCfg = Debug|Any CPU
		{F165628D-8235-4EA9-B04F-98C81C539B9D}.Debug|x64.Build.0 = Debug|Any CPU
		{F165628D-8235-4EA9-B04F-98C81C539B9D}.Debug|x64.Deploy.0 = Debug|Any CPU
		{F165628D-8235-4EA9-B04F-98C81C539B9D}.Debug|x86.ActiveCfg = Debug|Any CPU
		{F165628D-8235-4EA9-B04F-98C81C539B9D}.Debug|x86.Build.0 = Debug|Any CPU
		{F165628D-8235-4EA9-B04F-98C81C539B9D}.Debug|x86.Deploy.0 = Debug|Any CPU
		{F165628D-8235-4EA9-B04F-98C81C539B9D}.Release|Any CPU.ActiveCfg = Release|Any CPU
		{F165628D-8235-4EA9-B04F-98C81C539B9D}.Release|Any CPU.Build.0 = Release|Any CPU
		{F165628D-8235-4EA9-B04F-98C81C539B9D}.Release|Any CPU.Deploy.0 = Release|Any CPU
		{F165628D-8235-4EA9-B04F-98C81C539B9D}.Release|ARM.ActiveCfg = Release|Any CPU
		{F165628D-8235-4EA9-B04F-98C81C539B9D}.Release|ARM.Build.0 = Release|Any CPU
		{F165628D-8235-4EA9-B04F-98C81C539B9D}.Release|ARM.Deploy.0 = Release|Any CPU
		{F165628D-8235-4EA9-B04F-98C81C539B9D}.Release|iPhone.ActiveCfg = Release|Any CPU
		{F165628D-8235-4EA9-B04F-98C81C539B9D}.Release|iPhone.Build.0 = Release|Any CPU
		{F165628D-8235-4EA9-B04F-98C81C539B9D}.Release|iPhone.Deploy.0 = Release|Any CPU
		{F165628D-8235-4EA9-B04F-98C81C539B9D}.Release|iPhoneSimulator.ActiveCfg = Release|Any CPU
		{F165628D-8235-4EA9-B04F-98C81C539B9D}.Release|iPhoneSimulator.Build.0 = Release|Any CPU
		{F165628D-8235-4EA9-B04F-98C81C539B9D}.Release|iPhoneSimulator.Deploy.0 = Release|Any CPU
		{F165628D-8235-4EA9-B04F-98C81C539B9D}.Release|x64.ActiveCfg = Release|Any CPU
		{F165628D-8235-4EA9-B04F-98C81C539B9D}.Release|x64.Build.0 = Release|Any CPU
		{F165628D-8235-4EA9-B04F-98C81C539B9D}.Release|x64.Deploy.0 = Release|Any CPU
		{F165628D-8235-4EA9-B04F-98C81C539B9D}.Release|x86.ActiveCfg = Release|Any CPU
		{F165628D-8235-4EA9-B04F-98C81C539B9D}.Release|x86.Build.0 = Release|Any CPU
		{F165628D-8235-4EA9-B04F-98C81C539B9D}.Release|x86.Deploy.0 = Release|Any CPU
		{21FAF441-7A02-440A-A8B6-771812A0EF8C}.Ad-Hoc|Any CPU.ActiveCfg = Ad-Hoc|iPhone
		{21FAF441-7A02-440A-A8B6-771812A0EF8C}.Ad-Hoc|ARM.ActiveCfg = Ad-Hoc|iPhone
		{21FAF441-7A02-440A-A8B6-771812A0EF8C}.Ad-Hoc|iPhone.ActiveCfg = Ad-Hoc|iPhone
		{21FAF441-7A02-440A-A8B6-771812A0EF8C}.Ad-Hoc|iPhone.Build.0 = Ad-Hoc|iPhone
		{21FAF441-7A02-440A-A8B6-771812A0EF8C}.Ad-Hoc|iPhoneSimulator.ActiveCfg = Ad-Hoc|iPhoneSimulator
		{21FAF441-7A02-440A-A8B6-771812A0EF8C}.Ad-Hoc|iPhoneSimulator.Build.0 = Ad-Hoc|iPhoneSimulator
		{21FAF441-7A02-440A-A8B6-771812A0EF8C}.Ad-Hoc|x64.ActiveCfg = Ad-Hoc|iPhone
		{21FAF441-7A02-440A-A8B6-771812A0EF8C}.Ad-Hoc|x86.ActiveCfg = Ad-Hoc|iPhone
		{21FAF441-7A02-440A-A8B6-771812A0EF8C}.AppStore|Any CPU.ActiveCfg = AppStore|iPhone
		{21FAF441-7A02-440A-A8B6-771812A0EF8C}.AppStore|ARM.ActiveCfg = AppStore|iPhone
		{21FAF441-7A02-440A-A8B6-771812A0EF8C}.AppStore|iPhone.ActiveCfg = AppStore|iPhone
		{21FAF441-7A02-440A-A8B6-771812A0EF8C}.AppStore|iPhone.Build.0 = AppStore|iPhone
		{21FAF441-7A02-440A-A8B6-771812A0EF8C}.AppStore|iPhoneSimulator.ActiveCfg = AppStore|iPhoneSimulator
		{21FAF441-7A02-440A-A8B6-771812A0EF8C}.AppStore|iPhoneSimulator.Build.0 = AppStore|iPhoneSimulator
		{21FAF441-7A02-440A-A8B6-771812A0EF8C}.AppStore|x64.ActiveCfg = AppStore|iPhone
		{21FAF441-7A02-440A-A8B6-771812A0EF8C}.AppStore|x86.ActiveCfg = AppStore|iPhone
		{21FAF441-7A02-440A-A8B6-771812A0EF8C}.Debug|Any CPU.ActiveCfg = Debug|iPhone
		{21FAF441-7A02-440A-A8B6-771812A0EF8C}.Debug|ARM.ActiveCfg = Debug|iPhone
		{21FAF441-7A02-440A-A8B6-771812A0EF8C}.Debug|iPhone.ActiveCfg = Debug|iPhone
		{21FAF441-7A02-440A-A8B6-771812A0EF8C}.Debug|iPhone.Build.0 = Debug|iPhone
		{21FAF441-7A02-440A-A8B6-771812A0EF8C}.Debug|iPhoneSimulator.ActiveCfg = Debug|iPhoneSimulator
		{21FAF441-7A02-440A-A8B6-771812A0EF8C}.Debug|iPhoneSimulator.Build.0 = Debug|iPhoneSimulator
		{21FAF441-7A02-440A-A8B6-771812A0EF8C}.Debug|x64.ActiveCfg = Debug|iPhone
		{21FAF441-7A02-440A-A8B6-771812A0EF8C}.Debug|x86.ActiveCfg = Debug|iPhone
		{21FAF441-7A02-440A-A8B6-771812A0EF8C}.Release|Any CPU.ActiveCfg = Release|iPhone
		{21FAF441-7A02-440A-A8B6-771812A0EF8C}.Release|ARM.ActiveCfg = Release|iPhone
		{21FAF441-7A02-440A-A8B6-771812A0EF8C}.Release|iPhone.ActiveCfg = Release|iPhone
		{21FAF441-7A02-440A-A8B6-771812A0EF8C}.Release|iPhone.Build.0 = Release|iPhone
		{21FAF441-7A02-440A-A8B6-771812A0EF8C}.Release|iPhoneSimulator.ActiveCfg = Release|iPhoneSimulator
		{21FAF441-7A02-440A-A8B6-771812A0EF8C}.Release|iPhoneSimulator.Build.0 = Release|iPhoneSimulator
		{21FAF441-7A02-440A-A8B6-771812A0EF8C}.Release|x64.ActiveCfg = Release|iPhone
		{21FAF441-7A02-440A-A8B6-771812A0EF8C}.Release|x86.ActiveCfg = Release|iPhone
		{B8AEF4E0-89C5-4CC5-A9FF-24219FD3031E}.Ad-Hoc|Any CPU.ActiveCfg = Release|x86
		{B8AEF4E0-89C5-4CC5-A9FF-24219FD3031E}.Ad-Hoc|Any CPU.Build.0 = Release|x86
		{B8AEF4E0-89C5-4CC5-A9FF-24219FD3031E}.Ad-Hoc|Any CPU.Deploy.0 = Release|x86
		{B8AEF4E0-89C5-4CC5-A9FF-24219FD3031E}.Ad-Hoc|ARM.ActiveCfg = Release|ARM
		{B8AEF4E0-89C5-4CC5-A9FF-24219FD3031E}.Ad-Hoc|ARM.Build.0 = Release|ARM
		{B8AEF4E0-89C5-4CC5-A9FF-24219FD3031E}.Ad-Hoc|ARM.Deploy.0 = Release|ARM
		{B8AEF4E0-89C5-4CC5-A9FF-24219FD3031E}.Ad-Hoc|iPhone.ActiveCfg = Release|x86
		{B8AEF4E0-89C5-4CC5-A9FF-24219FD3031E}.Ad-Hoc|iPhone.Build.0 = Release|x86
		{B8AEF4E0-89C5-4CC5-A9FF-24219FD3031E}.Ad-Hoc|iPhone.Deploy.0 = Release|x86
		{B8AEF4E0-89C5-4CC5-A9FF-24219FD3031E}.Ad-Hoc|iPhoneSimulator.ActiveCfg = Release|x86
		{B8AEF4E0-89C5-4CC5-A9FF-24219FD3031E}.Ad-Hoc|iPhoneSimulator.Build.0 = Release|x86
		{B8AEF4E0-89C5-4CC5-A9FF-24219FD3031E}.Ad-Hoc|iPhoneSimulator.Deploy.0 = Release|x86
		{B8AEF4E0-89C5-4CC5-A9FF-24219FD3031E}.Ad-Hoc|x64.ActiveCfg = Release|x64
		{B8AEF4E0-89C5-4CC5-A9FF-24219FD3031E}.Ad-Hoc|x64.Build.0 = Release|x64
		{B8AEF4E0-89C5-4CC5-A9FF-24219FD3031E}.Ad-Hoc|x64.Deploy.0 = Release|x64
		{B8AEF4E0-89C5-4CC5-A9FF-24219FD3031E}.Ad-Hoc|x86.ActiveCfg = Release|x86
		{B8AEF4E0-89C5-4CC5-A9FF-24219FD3031E}.Ad-Hoc|x86.Build.0 = Release|x86
		{B8AEF4E0-89C5-4CC5-A9FF-24219FD3031E}.Ad-Hoc|x86.Deploy.0 = Release|x86
		{B8AEF4E0-89C5-4CC5-A9FF-24219FD3031E}.AppStore|Any CPU.ActiveCfg = Release|x86
		{B8AEF4E0-89C5-4CC5-A9FF-24219FD3031E}.AppStore|Any CPU.Build.0 = Release|x86
		{B8AEF4E0-89C5-4CC5-A9FF-24219FD3031E}.AppStore|Any CPU.Deploy.0 = Release|x86
		{B8AEF4E0-89C5-4CC5-A9FF-24219FD3031E}.AppStore|ARM.ActiveCfg = Release|ARM
		{B8AEF4E0-89C5-4CC5-A9FF-24219FD3031E}.AppStore|ARM.Build.0 = Release|ARM
		{B8AEF4E0-89C5-4CC5-A9FF-24219FD3031E}.AppStore|ARM.Deploy.0 = Release|ARM
		{B8AEF4E0-89C5-4CC5-A9FF-24219FD3031E}.AppStore|iPhone.ActiveCfg = Release|x86
		{B8AEF4E0-89C5-4CC5-A9FF-24219FD3031E}.AppStore|iPhone.Build.0 = Release|x86
		{B8AEF4E0-89C5-4CC5-A9FF-24219FD3031E}.AppStore|iPhone.Deploy.0 = Release|x86
		{B8AEF4E0-89C5-4CC5-A9FF-24219FD3031E}.AppStore|iPhoneSimulator.ActiveCfg = Release|x86
		{B8AEF4E0-89C5-4CC5-A9FF-24219FD3031E}.AppStore|iPhoneSimulator.Build.0 = Release|x86
		{B8AEF4E0-89C5-4CC5-A9FF-24219FD3031E}.AppStore|iPhoneSimulator.Deploy.0 = Release|x86
		{B8AEF4E0-89C5-4CC5-A9FF-24219FD3031E}.AppStore|x64.ActiveCfg = Release|x64
		{B8AEF4E0-89C5-4CC5-A9FF-24219FD3031E}.AppStore|x64.Build.0 = Release|x64
		{B8AEF4E0-89C5-4CC5-A9FF-24219FD3031E}.AppStore|x64.Deploy.0 = Release|x64
		{B8AEF4E0-89C5-4CC5-A9FF-24219FD3031E}.AppStore|x86.ActiveCfg = Release|x86
		{B8AEF4E0-89C5-4CC5-A9FF-24219FD3031E}.AppStore|x86.Build.0 = Release|x86
		{B8AEF4E0-89C5-4CC5-A9FF-24219FD3031E}.AppStore|x86.Deploy.0 = Release|x86
		{B8AEF4E0-89C5-4CC5-A9FF-24219FD3031E}.Debug|Any CPU.ActiveCfg = Debug|x86
		{B8AEF4E0-89C5-4CC5-A9FF-24219FD3031E}.Debug|Any CPU.Build.0 = Debug|x86
		{B8AEF4E0-89C5-4CC5-A9FF-24219FD3031E}.Debug|Any CPU.Deploy.0 = Debug|x86
		{B8AEF4E0-89C5-4CC5-A9FF-24219FD3031E}.Debug|ARM.ActiveCfg = Debug|ARM
		{B8AEF4E0-89C5-4CC5-A9FF-24219FD3031E}.Debug|ARM.Build.0 = Debug|ARM
		{B8AEF4E0-89C5-4CC5-A9FF-24219FD3031E}.Debug|ARM.Deploy.0 = Debug|ARM
		{B8AEF4E0-89C5-4CC5-A9FF-24219FD3031E}.Debug|iPhone.ActiveCfg = Debug|x86
		{B8AEF4E0-89C5-4CC5-A9FF-24219FD3031E}.Debug|iPhoneSimulator.ActiveCfg = Debug|x86
		{B8AEF4E0-89C5-4CC5-A9FF-24219FD3031E}.Debug|x64.ActiveCfg = Debug|x64
		{B8AEF4E0-89C5-4CC5-A9FF-24219FD3031E}.Debug|x64.Build.0 = Debug|x64
		{B8AEF4E0-89C5-4CC5-A9FF-24219FD3031E}.Debug|x64.Deploy.0 = Debug|x64
		{B8AEF4E0-89C5-4CC5-A9FF-24219FD3031E}.Debug|x86.ActiveCfg = Debug|x86
		{B8AEF4E0-89C5-4CC5-A9FF-24219FD3031E}.Debug|x86.Build.0 = Debug|x86
		{B8AEF4E0-89C5-4CC5-A9FF-24219FD3031E}.Debug|x86.Deploy.0 = Debug|x86
		{B8AEF4E0-89C5-4CC5-A9FF-24219FD3031E}.Release|Any CPU.ActiveCfg = Release|x86
		{B8AEF4E0-89C5-4CC5-A9FF-24219FD3031E}.Release|ARM.ActiveCfg = Release|ARM
		{B8AEF4E0-89C5-4CC5-A9FF-24219FD3031E}.Release|ARM.Build.0 = Release|ARM
		{B8AEF4E0-89C5-4CC5-A9FF-24219FD3031E}.Release|ARM.Deploy.0 = Release|ARM
		{B8AEF4E0-89C5-4CC5-A9FF-24219FD3031E}.Release|iPhone.ActiveCfg = Release|x86
		{B8AEF4E0-89C5-4CC5-A9FF-24219FD3031E}.Release|iPhoneSimulator.ActiveCfg = Release|x86
		{B8AEF4E0-89C5-4CC5-A9FF-24219FD3031E}.Release|x64.ActiveCfg = Release|x64
		{B8AEF4E0-89C5-4CC5-A9FF-24219FD3031E}.Release|x64.Build.0 = Release|x64
		{B8AEF4E0-89C5-4CC5-A9FF-24219FD3031E}.Release|x64.Deploy.0 = Release|x64
		{B8AEF4E0-89C5-4CC5-A9FF-24219FD3031E}.Release|x86.ActiveCfg = Release|x86
		{B8AEF4E0-89C5-4CC5-A9FF-24219FD3031E}.Release|x86.Build.0 = Release|x86
		{B8AEF4E0-89C5-4CC5-A9FF-24219FD3031E}.Release|x86.Deploy.0 = Release|x86
		{138AB86E-2666-497B-91FA-C9C2CE112AE7}.Ad-Hoc|Any CPU.ActiveCfg = Debug|Any CPU
		{138AB86E-2666-497B-91FA-C9C2CE112AE7}.Ad-Hoc|Any CPU.Build.0 = Debug|Any CPU
		{138AB86E-2666-497B-91FA-C9C2CE112AE7}.Ad-Hoc|ARM.ActiveCfg = Debug|Any CPU
		{138AB86E-2666-497B-91FA-C9C2CE112AE7}.Ad-Hoc|ARM.Build.0 = Debug|Any CPU
		{138AB86E-2666-497B-91FA-C9C2CE112AE7}.Ad-Hoc|iPhone.ActiveCfg = Debug|Any CPU
		{138AB86E-2666-497B-91FA-C9C2CE112AE7}.Ad-Hoc|iPhone.Build.0 = Debug|Any CPU
		{138AB86E-2666-497B-91FA-C9C2CE112AE7}.Ad-Hoc|iPhoneSimulator.ActiveCfg = Debug|Any CPU
		{138AB86E-2666-497B-91FA-C9C2CE112AE7}.Ad-Hoc|iPhoneSimulator.Build.0 = Debug|Any CPU
		{138AB86E-2666-497B-91FA-C9C2CE112AE7}.Ad-Hoc|x64.ActiveCfg = Debug|Any CPU
		{138AB86E-2666-497B-91FA-C9C2CE112AE7}.Ad-Hoc|x64.Build.0 = Debug|Any CPU
		{138AB86E-2666-497B-91FA-C9C2CE112AE7}.Ad-Hoc|x86.ActiveCfg = Debug|Any CPU
		{138AB86E-2666-497B-91FA-C9C2CE112AE7}.Ad-Hoc|x86.Build.0 = Debug|Any CPU
		{138AB86E-2666-497B-91FA-C9C2CE112AE7}.AppStore|Any CPU.ActiveCfg = Debug|Any CPU
		{138AB86E-2666-497B-91FA-C9C2CE112AE7}.AppStore|Any CPU.Build.0 = Debug|Any CPU
		{138AB86E-2666-497B-91FA-C9C2CE112AE7}.AppStore|ARM.ActiveCfg = Debug|Any CPU
		{138AB86E-2666-497B-91FA-C9C2CE112AE7}.AppStore|ARM.Build.0 = Debug|Any CPU
		{138AB86E-2666-497B-91FA-C9C2CE112AE7}.AppStore|iPhone.ActiveCfg = Debug|Any CPU
		{138AB86E-2666-497B-91FA-C9C2CE112AE7}.AppStore|iPhone.Build.0 = Debug|Any CPU
		{138AB86E-2666-497B-91FA-C9C2CE112AE7}.AppStore|iPhoneSimulator.ActiveCfg = Debug|Any CPU
		{138AB86E-2666-497B-91FA-C9C2CE112AE7}.AppStore|iPhoneSimulator.Build.0 = Debug|Any CPU
		{138AB86E-2666-497B-91FA-C9C2CE112AE7}.AppStore|x64.ActiveCfg = Debug|Any CPU
		{138AB86E-2666-497B-91FA-C9C2CE112AE7}.AppStore|x64.Build.0 = Debug|Any CPU
		{138AB86E-2666-497B-91FA-C9C2CE112AE7}.AppStore|x86.ActiveCfg = Debug|Any CPU
		{138AB86E-2666-497B-91FA-C9C2CE112AE7}.AppStore|x86.Build.0 = Debug|Any CPU
		{138AB86E-2666-497B-91FA-C9C2CE112AE7}.Debug|Any CPU.ActiveCfg = Debug|Any CPU
		{138AB86E-2666-497B-91FA-C9C2CE112AE7}.Debug|Any CPU.Build.0 = Debug|Any CPU
		{138AB86E-2666-497B-91FA-C9C2CE112AE7}.Debug|ARM.ActiveCfg = Debug|Any CPU
		{138AB86E-2666-497B-91FA-C9C2CE112AE7}.Debug|ARM.Build.0 = Debug|Any CPU
		{138AB86E-2666-497B-91FA-C9C2CE112AE7}.Debug|iPhone.ActiveCfg = Debug|Any CPU
		{138AB86E-2666-497B-91FA-C9C2CE112AE7}.Debug|iPhone.Build.0 = Debug|Any CPU
		{138AB86E-2666-497B-91FA-C9C2CE112AE7}.Debug|iPhoneSimulator.ActiveCfg = Debug|Any CPU
		{138AB86E-2666-497B-91FA-C9C2CE112AE7}.Debug|iPhoneSimulator.Build.0 = Debug|Any CPU
		{138AB86E-2666-497B-91FA-C9C2CE112AE7}.Debug|x64.ActiveCfg = Debug|Any CPU
		{138AB86E-2666-497B-91FA-C9C2CE112AE7}.Debug|x64.Build.0 = Debug|Any CPU
		{138AB86E-2666-497B-91FA-C9C2CE112AE7}.Debug|x86.ActiveCfg = Debug|Any CPU
		{138AB86E-2666-497B-91FA-C9C2CE112AE7}.Debug|x86.Build.0 = Debug|Any CPU
		{138AB86E-2666-497B-91FA-C9C2CE112AE7}.Release|Any CPU.ActiveCfg = Release|Any CPU
		{138AB86E-2666-497B-91FA-C9C2CE112AE7}.Release|Any CPU.Build.0 = Release|Any CPU
		{138AB86E-2666-497B-91FA-C9C2CE112AE7}.Release|ARM.ActiveCfg = Release|Any CPU
		{138AB86E-2666-497B-91FA-C9C2CE112AE7}.Release|ARM.Build.0 = Release|Any CPU
		{138AB86E-2666-497B-91FA-C9C2CE112AE7}.Release|iPhone.ActiveCfg = Release|Any CPU
		{138AB86E-2666-497B-91FA-C9C2CE112AE7}.Release|iPhone.Build.0 = Release|Any CPU
		{138AB86E-2666-497B-91FA-C9C2CE112AE7}.Release|iPhoneSimulator.ActiveCfg = Release|Any CPU
		{138AB86E-2666-497B-91FA-C9C2CE112AE7}.Release|iPhoneSimulator.Build.0 = Release|Any CPU
		{138AB86E-2666-497B-91FA-C9C2CE112AE7}.Release|x64.ActiveCfg = Release|Any CPU
		{138AB86E-2666-497B-91FA-C9C2CE112AE7}.Release|x64.Build.0 = Release|Any CPU
		{138AB86E-2666-497B-91FA-C9C2CE112AE7}.Release|x86.ActiveCfg = Release|Any CPU
		{138AB86E-2666-497B-91FA-C9C2CE112AE7}.Release|x86.Build.0 = Release|Any CPU
		{96614323-640F-471A-A288-2B5C269CD9CB}.Ad-Hoc|Any CPU.ActiveCfg = Debug|Any CPU
		{96614323-640F-471A-A288-2B5C269CD9CB}.Ad-Hoc|Any CPU.Build.0 = Debug|Any CPU
		{96614323-640F-471A-A288-2B5C269CD9CB}.Ad-Hoc|ARM.ActiveCfg = Debug|Any CPU
		{96614323-640F-471A-A288-2B5C269CD9CB}.Ad-Hoc|ARM.Build.0 = Debug|Any CPU
		{96614323-640F-471A-A288-2B5C269CD9CB}.Ad-Hoc|iPhone.ActiveCfg = Debug|Any CPU
		{96614323-640F-471A-A288-2B5C269CD9CB}.Ad-Hoc|iPhone.Build.0 = Debug|Any CPU
		{96614323-640F-471A-A288-2B5C269CD9CB}.Ad-Hoc|iPhoneSimulator.ActiveCfg = Debug|Any CPU
		{96614323-640F-471A-A288-2B5C269CD9CB}.Ad-Hoc|iPhoneSimulator.Build.0 = Debug|Any CPU
		{96614323-640F-471A-A288-2B5C269CD9CB}.Ad-Hoc|x64.ActiveCfg = Debug|Any CPU
		{96614323-640F-471A-A288-2B5C269CD9CB}.Ad-Hoc|x64.Build.0 = Debug|Any CPU
		{96614323-640F-471A-A288-2B5C269CD9CB}.Ad-Hoc|x86.ActiveCfg = Debug|Any CPU
		{96614323-640F-471A-A288-2B5C269CD9CB}.Ad-Hoc|x86.Build.0 = Debug|Any CPU
		{96614323-640F-471A-A288-2B5C269CD9CB}.AppStore|Any CPU.ActiveCfg = Debug|Any CPU
		{96614323-640F-471A-A288-2B5C269CD9CB}.AppStore|Any CPU.Build.0 = Debug|Any CPU
		{96614323-640F-471A-A288-2B5C269CD9CB}.AppStore|ARM.ActiveCfg = Debug|Any CPU
		{96614323-640F-471A-A288-2B5C269CD9CB}.AppStore|ARM.Build.0 = Debug|Any CPU
		{96614323-640F-471A-A288-2B5C269CD9CB}.AppStore|iPhone.ActiveCfg = Debug|Any CPU
		{96614323-640F-471A-A288-2B5C269CD9CB}.AppStore|iPhone.Build.0 = Debug|Any CPU
		{96614323-640F-471A-A288-2B5C269CD9CB}.AppStore|iPhoneSimulator.ActiveCfg = Debug|Any CPU
		{96614323-640F-471A-A288-2B5C269CD9CB}.AppStore|iPhoneSimulator.Build.0 = Debug|Any CPU
		{96614323-640F-471A-A288-2B5C269CD9CB}.AppStore|x64.ActiveCfg = Debug|Any CPU
		{96614323-640F-471A-A288-2B5C269CD9CB}.AppStore|x64.Build.0 = Debug|Any CPU
		{96614323-640F-471A-A288-2B5C269CD9CB}.AppStore|x86.ActiveCfg = Debug|Any CPU
		{96614323-640F-471A-A288-2B5C269CD9CB}.AppStore|x86.Build.0 = Debug|Any CPU
		{96614323-640F-471A-A288-2B5C269CD9CB}.Debug|Any CPU.ActiveCfg = Debug|Any CPU
		{96614323-640F-471A-A288-2B5C269CD9CB}.Debug|Any CPU.Build.0 = Debug|Any CPU
		{96614323-640F-471A-A288-2B5C269CD9CB}.Debug|ARM.ActiveCfg = Debug|Any CPU
		{96614323-640F-471A-A288-2B5C269CD9CB}.Debug|ARM.Build.0 = Debug|Any CPU
		{96614323-640F-471A-A288-2B5C269CD9CB}.Debug|iPhone.ActiveCfg = Debug|Any CPU
		{96614323-640F-471A-A288-2B5C269CD9CB}.Debug|iPhone.Build.0 = Debug|Any CPU
		{96614323-640F-471A-A288-2B5C269CD9CB}.Debug|iPhoneSimulator.ActiveCfg = Debug|Any CPU
		{96614323-640F-471A-A288-2B5C269CD9CB}.Debug|iPhoneSimulator.Build.0 = Debug|Any CPU
		{96614323-640F-471A-A288-2B5C269CD9CB}.Debug|x64.ActiveCfg = Debug|Any CPU
		{96614323-640F-471A-A288-2B5C269CD9CB}.Debug|x64.Build.0 = Debug|Any CPU
		{96614323-640F-471A-A288-2B5C269CD9CB}.Debug|x86.ActiveCfg = Debug|Any CPU
		{96614323-640F-471A-A288-2B5C269CD9CB}.Debug|x86.Build.0 = Debug|Any CPU
		{96614323-640F-471A-A288-2B5C269CD9CB}.Release|Any CPU.ActiveCfg = Release|Any CPU
		{96614323-640F-471A-A288-2B5C269CD9CB}.Release|Any CPU.Build.0 = Release|Any CPU
		{96614323-640F-471A-A288-2B5C269CD9CB}.Release|ARM.ActiveCfg = Release|Any CPU
		{96614323-640F-471A-A288-2B5C269CD9CB}.Release|ARM.Build.0 = Release|Any CPU
		{96614323-640F-471A-A288-2B5C269CD9CB}.Release|iPhone.ActiveCfg = Release|Any CPU
		{96614323-640F-471A-A288-2B5C269CD9CB}.Release|iPhone.Build.0 = Release|Any CPU
		{96614323-640F-471A-A288-2B5C269CD9CB}.Release|iPhoneSimulator.ActiveCfg = Release|Any CPU
		{96614323-640F-471A-A288-2B5C269CD9CB}.Release|iPhoneSimulator.Build.0 = Release|Any CPU
		{96614323-640F-471A-A288-2B5C269CD9CB}.Release|x64.ActiveCfg = Release|Any CPU
		{96614323-640F-471A-A288-2B5C269CD9CB}.Release|x64.Build.0 = Release|Any CPU
		{96614323-640F-471A-A288-2B5C269CD9CB}.Release|x86.ActiveCfg = Release|Any CPU
		{96614323-640F-471A-A288-2B5C269CD9CB}.Release|x86.Build.0 = Release|Any CPU
	EndGlobalSection
	GlobalSection(SolutionProperties) = preSolution
		HideSolutionNode = FALSE
	EndGlobalSection
	GlobalSection(ExtensibilityGlobals) = postSolution
		SolutionGuid = {4A737766-3F21-4183-ADF7-289A0652D56E}
	EndGlobalSection
EndGlobal
