<?xml version="1.0" encoding="utf-8"?>
<Project ToolsVersion="4.0" xmlns="http://schemas.microsoft.com/developer/msbuild/2003">
  <ItemGroup>
    <Filter Include="Source Files">
      <UniqueIdentifier>{4FC737F1-C7A5-4376-A066-2A32D752A2FF}</UniqueIdentifier>
      <Extensions>cpp;c;cc;cxx;def;odl;idl;hpj;bat;asm;asmx</Extensions>
    </Filter>
    <Filter Include="Header Files">
      <UniqueIdentifier>{93995380-89BD-4b04-88EB-625FBE52EBFB}</UniqueIdentifier>
      <Extensions>h;hh;hpp;hxx;hm;inl;inc;xsd</Extensions>
    </Filter>
    <Filter Include="Resource Files">
      <UniqueIdentifier>{67DA6AB6-F800-4c08-8B7A-83BB121AAD01}</UniqueIdentifier>
      <Extensions>rc;ico;cur;bmp;dlg;rc2;rct;bin;rgs;gif;jpg;jpeg;jpe;resx;tiff;tif;png;wav;mfcribbon-ms</Extensions>
    </Filter>
  </ItemGroup>
  <ItemGroup>
    <ClInclude Include="ModeBase.h">
      <Filter>Header Files</Filter>
    </ClInclude>
    <ClInclude Include="EEPROMHelper.h">
      <Filter>Header Files</Filter>
    </ClInclude>
    <ClInclude Include="ILEDProvider.h">
      <Filter>Header Files</Filter>
    </ClInclude>
    <ClInclude Include="LEDProvider_Analog.h">
      <Filter>Header Files</Filter>
    </ClInclude>
    <ClInclude Include="LEDProvider_NeoPixel.h">
      <Filter>Header Files</Filter>
    </ClInclude>
    <ClInclude Include="ProjectHeader.h">
      <Filter>Header Files</Filter>
    </ClInclude>
    <ClInclude Include="HWReset.h">
      <Filter>Header Files</Filter>
    </ClInclude>
    <ClInclude Include="LedFunctions.h">
      <Filter>Header Files</Filter>
    </ClInclude>
    <ClInclude Include="NetworkCommunication.h">
      <Filter>Header Files</Filter>
    </ClInclude>
    <ClInclude Include="Mode_Demo.h">
      <Filter>Header Files</Filter>
    </ClInclude>
    <ClInclude Include="Mode_KnightRider.h">
      <Filter>Header Files</Filter>
    </ClInclude>
    <ClInclude Include="Mode_Pulse.h">
      <Filter>Header Files</Filter>
    </ClInclude>
    <ClInclude Include="Mode_Rainbow.h">
      <Filter>Header Files</Filter>
    </ClInclude>
    <ClInclude Include="Mode_Sin.h">
      <Filter>Header Files</Filter>
    </ClInclude>
    <ClInclude Include="Mode_TwoColor.h">
      <Filter>Header Files</Filter>
    </ClInclude>
    <ClInclude Include="Mode_Tyke.h">
      <Filter>Header Files</Filter>
    </ClInclude>
    <ClInclude Include="Mode_Color.h">
      <Filter>Header Files</Filter>
    </ClInclude>
    <ClInclude Include="Mode_Water.h">
      <Filter>Header Files</Filter>
    </ClInclude>
    <ClInclude Include="__vm\.LEDController.vsarduino.h">
      <Filter>Header Files</Filter>
    </ClInclude>
    <ClInclude Include="Mode_Fire.h">
      <Filter>Header Files</Filter>
    </ClInclude>
    <ClInclude Include="index.h">
      <Filter>Resource Files</Filter>
    </ClInclude>
  </ItemGroup>
  <ItemGroup>
    <ClCompile Include="ModeBase.cpp">
      <Filter>Source Files</Filter>
    </ClCompile>
    <ClCompile Include="EEPROMHelper.cpp">
      <Filter>Source Files</Filter>
    </ClCompile>
    <ClCompile Include="LEDProvider_Analog.cpp">
      <Filter>Source Files</Filter>
    </ClCompile>
    <ClCompile Include="LEDProvider_NeoPixel.cpp">
      <Filter>Source Files</Filter>
    </ClCompile>
    <ClCompile Include="HWReset.cpp">
      <Filter>Source Files</Filter>
    </ClCompile>
    <ClCompile Include="LedFunctions.cpp">
      <Filter>Source Files</Filter>
    </ClCompile>
    <ClCompile Include="NetworkCommunication.cpp">
      <Filter>Source Files</Filter>
    </ClCompile>
    <ClCompile Include="Mode_Demo.cpp">
      <Filter>Source Files</Filter>
    </ClCompile>
    <ClCompile Include="Mode_KnightRider.cpp">
      <Filter>Source Files</Filter>
    </ClCompile>
    <ClCompile Include="Mode_Pulse.cpp">
      <Filter>Source Files</Filter>
    </ClCompile>
    <ClCompile Include="Mode_Rainbow.cpp">
      <Filter>Source Files</Filter>
    </ClCompile>
    <ClCompile Include="Mode_Sin.cpp">
      <Filter>Source Files</Filter>
    </ClCompile>
    <ClCompile Include="Mode_TwoColor.cpp">
      <Filter>Source Files</Filter>
    </ClCompile>
    <ClCompile Include="Mode_Tyke.cpp">
      <Filter>Source Files</Filter>
    </ClCompile>
    <ClCompile Include="Mode_Color.cpp">
      <Filter>Source Files</Filter>
    </ClCompile>
    <ClCompile Include="Mode_Water.cpp">
      <Filter>Source Files</Filter>
    </ClCompile>
    <ClCompile Include="Mode_Fire.cpp">
      <Filter>Source Files</Filter>
    </ClCompile>
  </ItemGroup>
  <ItemGroup>
    <None Include="LEDController.ino" />
    <None Include="cpp.hint" />
    <None Include="doc.md" />
  </ItemGroup>
</Project>